
Microsoft Visual Studio Solution File, Format Version 12.00
# Visual Studio 2012
Project("{FAE04EC0-301F-11D3-BF4B-00C04F79EFBC}") = "ProcessSample", "ProcessSample\ProcessSample.csproj", "{23FAD7DC-0A76-4D91-8DD6-1902AF0E452A}"
EndProject
Project("{FAE04EC0-301F-11D3-BF4B-00C04F79EFBC}") = "ThreadingExample", "ThreadingExample\ThreadingExample.csproj", "{330CC6BD-C3E6-4762-822A-78E4D3DC4E5A}"
EndProject
Project("{FAE04EC0-301F-11D3-BF4B-00C04F79EFBC}") = "TCPSelectSample", "TCPSelectSample\TCPSelectSample.csproj", "{2724145B-6F3E-429D-9127-9993DBFEC904}"
EndProject
Global
	GlobalSection(SolutionConfigurationPlatforms) = preSolution
		Debug|Any CPU = Debug|Any CPU
		Release|Any CPU = Release|Any CPU
	EndGlobalSection
	GlobalSection(ProjectConfigurationPlatforms) = postSolution
		{23FAD7DC-0A76-4D91-8DD6-1902AF0E452A}.Debug|Any CPU.ActiveCfg = Debug|Any CPU
		{23FAD7DC-0A76-4D91-8DD6-1902AF0E452A}.Debug|Any CPU.Build.0 = Debug|Any CPU
		{23FAD7DC-0A76-4D91-8DD6-1902AF0E452A}.Release|Any CPU.ActiveCfg = Release|Any CPU
		{23FAD7DC-0A76-4D91-8DD6-1902AF0E452A}.Release|Any CPU.Build.0 = Release|Any CPU
		{330CC6BD-C3E6-4762-822A-78E4D3DC4E5A}.Debug|Any CPU.ActiveCfg = Debug|Any CPU
		{330CC6BD-C3E6-4762-822A-78E4D3DC4E5A}.Debug|Any CPU.Build.0 = Debug|Any CPU
		{330CC6BD-C3E6-4762-822A-78E4D3DC4E5A}.Release|Any CPU.ActiveCfg = Release|Any CPU
		{330CC6BD-C3E6-4762-822A-78E4D3DC4E5A}.Release|Any CPU.Build.0 = Release|Any CPU
		{2724145B-6F3E-429D-9127-9993DBFEC904}.Debug|Any CPU.ActiveCfg = Debug|Any CPU
		{2724145B-6F3E-429D-9127-9993DBFEC904}.Debug|Any CPU.Build.0 = Debug|Any CPU
		{2724145B-6F3E-429D-9127-9993DBFEC904}.Release|Any CPU.ActiveCfg = Release|Any CPU
		{2724145B-6F3E-429D-9127-9993DBFEC904}.Release|Any CPU.Build.0 = Release|Any CPU
	EndGlobalSection
	GlobalSection(SolutionProperties) = preSolution
		HideSolutionNode = FALSE
	EndGlobalSection
EndGlobal
