
Microsoft Visual Studio Solution File, Format Version 12.00
# Visual Studio 2013
VisualStudioVersion = 12.0.21005.1
MinimumVisualStudioVersion = 10.0.40219.1
Project("{FAE04EC0-301F-11D3-BF4B-00C04F79EFBC}") = "HotSwapping", "HotSwapping\HotSwapping.csproj", "{52513F42-2F96-48B6-B2C6-E8EC6693BF4F}"
EndProject
Project("{FAE04EC0-301F-11D3-BF4B-00C04F79EFBC}") = "SwappingLibrary", "SwappingLibrary\SwappingLibrary.csproj", "{843773A6-3535-40EF-AAA5-8D67AAF7C8BD}"
EndProject
Project("{2150E333-8FDC-42A3-9474-1A3956D46DE8}") = ".nuget", ".nuget", "{F14F9E01-18D7-483B-A37A-22193415A6ED}"
	ProjectSection(SolutionItems) = preProject
		.nuget\NuGet.Config = .nuget\NuGet.Config
		.nuget\NuGet.exe = .nuget\NuGet.exe
		.nuget\NuGet.targets = .nuget\NuGet.targets
		.nuget\packages.config = .nuget\packages.config
	EndProjectSection
EndProject
Global
	GlobalSection(SolutionConfigurationPlatforms) = preSolution
		Debug|Any CPU = Debug|Any CPU
		Release|Any CPU = Release|Any CPU
	EndGlobalSection
	GlobalSection(ProjectConfigurationPlatforms) = postSolution
		{52513F42-2F96-48B6-B2C6-E8EC6693BF4F}.Debug|Any CPU.ActiveCfg = Debug|Any CPU
		{52513F42-2F96-48B6-B2C6-E8EC6693BF4F}.Debug|Any CPU.Build.0 = Debug|Any CPU
		{52513F42-2F96-48B6-B2C6-E8EC6693BF4F}.Release|Any CPU.ActiveCfg = Release|Any CPU
		{52513F42-2F96-48B6-B2C6-E8EC6693BF4F}.Release|Any CPU.Build.0 = Release|Any CPU
		{843773A6-3535-40EF-AAA5-8D67AAF7C8BD}.Debug|Any CPU.ActiveCfg = Debug|Any CPU
		{843773A6-3535-40EF-AAA5-8D67AAF7C8BD}.Debug|Any CPU.Build.0 = Debug|Any CPU
		{843773A6-3535-40EF-AAA5-8D67AAF7C8BD}.Release|Any CPU.ActiveCfg = Release|Any CPU
		{843773A6-3535-40EF-AAA5-8D67AAF7C8BD}.Release|Any CPU.Build.0 = Release|Any CPU
	EndGlobalSection
	GlobalSection(SolutionProperties) = preSolution
		HideSolutionNode = FALSE
	EndGlobalSection
EndGlobal
