
Microsoft Visual Studio Solution File, Format Version 12.00
# Visual Studio 2013
VisualStudioVersion = 12.0.30723.0
MinimumVisualStudioVersion = 10.0.40219.1
Project("{9092AA53-FB77-4645-B42D-1CCCA6BD08BD}") = "RESTService_NodeJS", "RESTService_NodeJS\RESTService_NodeJS.njsproj", "{7F9650F2-68BB-4005-BE78-6872DAC78DE2}"
EndProject
Project("{9092AA53-FB77-4645-B42D-1CCCA6BD08BD}") = "SOAPService_NodeJS", "SOAPService_NodeJS\SOAPService_NodeJS.njsproj", "{44580330-6D16-4E8D-A564-2D8CBFB5CF22}"
EndProject
Project("{FAE04EC0-301F-11D3-BF4B-00C04F79EFBC}") = "RestSoapClient", "RestSoapClient\RestSoapClient.csproj", "{0413B94F-6EBB-4CAF-81EC-6C77484A61C3}"
EndProject
Global
	GlobalSection(SolutionConfigurationPlatforms) = preSolution
		Debug|Any CPU = Debug|Any CPU
		Release|Any CPU = Release|Any CPU
	EndGlobalSection
	GlobalSection(ProjectConfigurationPlatforms) = postSolution
		{7F9650F2-68BB-4005-BE78-6872DAC78DE2}.Debug|Any CPU.ActiveCfg = Debug|Any CPU
		{7F9650F2-68BB-4005-BE78-6872DAC78DE2}.Debug|Any CPU.Build.0 = Debug|Any CPU
		{7F9650F2-68BB-4005-BE78-6872DAC78DE2}.Release|Any CPU.ActiveCfg = Release|Any CPU
		{7F9650F2-68BB-4005-BE78-6872DAC78DE2}.Release|Any CPU.Build.0 = Release|Any CPU
		{44580330-6D16-4E8D-A564-2D8CBFB5CF22}.Debug|Any CPU.ActiveCfg = Debug|Any CPU
		{44580330-6D16-4E8D-A564-2D8CBFB5CF22}.Debug|Any CPU.Build.0 = Debug|Any CPU
		{44580330-6D16-4E8D-A564-2D8CBFB5CF22}.Release|Any CPU.ActiveCfg = Release|Any CPU
		{44580330-6D16-4E8D-A564-2D8CBFB5CF22}.Release|Any CPU.Build.0 = Release|Any CPU
		{0413B94F-6EBB-4CAF-81EC-6C77484A61C3}.Debug|Any CPU.ActiveCfg = Debug|Any CPU
		{0413B94F-6EBB-4CAF-81EC-6C77484A61C3}.Debug|Any CPU.Build.0 = Debug|Any CPU
		{0413B94F-6EBB-4CAF-81EC-6C77484A61C3}.Release|Any CPU.ActiveCfg = Release|Any CPU
		{0413B94F-6EBB-4CAF-81EC-6C77484A61C3}.Release|Any CPU.Build.0 = Release|Any CPU
	EndGlobalSection
	GlobalSection(SolutionProperties) = preSolution
		HideSolutionNode = FALSE
	EndGlobalSection
EndGlobal
