
Microsoft Visual Studio Solution File, Format Version 11.00
# Visual Studio 2010
Project("{FAE04EC0-301F-11D3-BF4B-00C04F79EFBC}") = "TCP_POST_GET_Client", "TCP_POST_GET\TCP_POST_GET_Client.csproj", "{25974EDD-490E-42FA-A976-3514D823E8A5}"
EndProject
Global
	GlobalSection(SolutionConfigurationPlatforms) = preSolution
		Debug|x86 = Debug|x86
		Release|x86 = Release|x86
	EndGlobalSection
	GlobalSection(ProjectConfigurationPlatforms) = postSolution
		{25974EDD-490E-42FA-A976-3514D823E8A5}.Debug|x86.ActiveCfg = Debug|x86
		{25974EDD-490E-42FA-A976-3514D823E8A5}.Debug|x86.Build.0 = Debug|x86
		{25974EDD-490E-42FA-A976-3514D823E8A5}.Release|x86.ActiveCfg = Release|x86
		{25974EDD-490E-42FA-A976-3514D823E8A5}.Release|x86.Build.0 = Release|x86
	EndGlobalSection
	GlobalSection(SolutionProperties) = preSolution
		HideSolutionNode = FALSE
	EndGlobalSection
EndGlobal
