
Microsoft Visual Studio Solution File, Format Version 12.00
# Visual Studio 2012
Project("{FAE04EC0-301F-11D3-BF4B-00C04F79EFBC}") = "Faktorielle", "Faktorielle\Faktorielle.csproj", "{3D53720F-5C2A-4724-AD5D-922241A96B89}"
EndProject
Project("{FAE04EC0-301F-11D3-BF4B-00C04F79EFBC}") = "RecursionUnitTest", "RecursionUnitTest\RecursionUnitTest.csproj", "{04BB56AC-3C4D-4B75-BF0D-7DB42B26A520}"
EndProject
Global
	GlobalSection(SolutionConfigurationPlatforms) = preSolution
		Debug|Any CPU = Debug|Any CPU
		Release|Any CPU = Release|Any CPU
	EndGlobalSection
	GlobalSection(ProjectConfigurationPlatforms) = postSolution
		{3D53720F-5C2A-4724-AD5D-922241A96B89}.Debug|Any CPU.ActiveCfg = Debug|Any CPU
		{3D53720F-5C2A-4724-AD5D-922241A96B89}.Debug|Any CPU.Build.0 = Debug|Any CPU
		{3D53720F-5C2A-4724-AD5D-922241A96B89}.Release|Any CPU.ActiveCfg = Release|Any CPU
		{3D53720F-5C2A-4724-AD5D-922241A96B89}.Release|Any CPU.Build.0 = Release|Any CPU
		{04BB56AC-3C4D-4B75-BF0D-7DB42B26A520}.Debug|Any CPU.ActiveCfg = Debug|Any CPU
		{04BB56AC-3C4D-4B75-BF0D-7DB42B26A520}.Debug|Any CPU.Build.0 = Debug|Any CPU
		{04BB56AC-3C4D-4B75-BF0D-7DB42B26A520}.Release|Any CPU.ActiveCfg = Release|Any CPU
		{04BB56AC-3C4D-4B75-BF0D-7DB42B26A520}.Release|Any CPU.Build.0 = Release|Any CPU
	EndGlobalSection
	GlobalSection(SolutionProperties) = preSolution
		HideSolutionNode = FALSE
	EndGlobalSection
EndGlobal
