
Microsoft Visual Studio Solution File, Format Version 12.00
# Visual Studio 2013
VisualStudioVersion = 12.0.21005.1
MinimumVisualStudioVersion = 10.0.40219.1
Project("{FAE04EC0-301F-11D3-BF4B-00C04F79EFBC}") = "Bsp1a", "Bsp1a\Bsp1a.csproj", "{65856242-33F2-4487-B1D7-CC4E268D60AF}"
EndProject
Project("{FAE04EC0-301F-11D3-BF4B-00C04F79EFBC}") = "Bsp1b", "Bsp1b\Bsp1b.csproj", "{0B0605D0-117A-4F31-8FE2-510138F7410D}"
EndProject
Project("{FAE04EC0-301F-11D3-BF4B-00C04F79EFBC}") = "Bsp1c", "Bsp1c\Bsp1c.csproj", "{0490108F-B7AE-4CFF-9499-5AF236EB2D37}"
EndProject
Project("{FAE04EC0-301F-11D3-BF4B-00C04F79EFBC}") = "Bsp1aTests", "Bsp1aTests\Bsp1aTests.csproj", "{D64ADB3C-B463-4163-BECD-7996F942904D}"
EndProject
Project("{FAE04EC0-301F-11D3-BF4B-00C04F79EFBC}") = "Bsp1bTests", "Bsp1bTests\Bsp1bTests.csproj", "{DF040229-FDA1-45EC-AC71-143A425CE047}"
EndProject
Project("{FAE04EC0-301F-11D3-BF4B-00C04F79EFBC}") = "Bsp1cTests", "Bsp1cTests\Bsp1cTests.csproj", "{3C5CF309-3766-48C4-A7E6-2DF3DAFBCF6B}"
EndProject
Global
	GlobalSection(SolutionConfigurationPlatforms) = preSolution
		Debug|Any CPU = Debug|Any CPU
		Release|Any CPU = Release|Any CPU
	EndGlobalSection
	GlobalSection(ProjectConfigurationPlatforms) = postSolution
		{65856242-33F2-4487-B1D7-CC4E268D60AF}.Debug|Any CPU.ActiveCfg = Debug|Any CPU
		{65856242-33F2-4487-B1D7-CC4E268D60AF}.Debug|Any CPU.Build.0 = Debug|Any CPU
		{65856242-33F2-4487-B1D7-CC4E268D60AF}.Release|Any CPU.ActiveCfg = Release|Any CPU
		{65856242-33F2-4487-B1D7-CC4E268D60AF}.Release|Any CPU.Build.0 = Release|Any CPU
		{0B0605D0-117A-4F31-8FE2-510138F7410D}.Debug|Any CPU.ActiveCfg = Debug|Any CPU
		{0B0605D0-117A-4F31-8FE2-510138F7410D}.Debug|Any CPU.Build.0 = Debug|Any CPU
		{0B0605D0-117A-4F31-8FE2-510138F7410D}.Release|Any CPU.ActiveCfg = Release|Any CPU
		{0B0605D0-117A-4F31-8FE2-510138F7410D}.Release|Any CPU.Build.0 = Release|Any CPU
		{0490108F-B7AE-4CFF-9499-5AF236EB2D37}.Debug|Any CPU.ActiveCfg = Debug|Any CPU
		{0490108F-B7AE-4CFF-9499-5AF236EB2D37}.Debug|Any CPU.Build.0 = Debug|Any CPU
		{0490108F-B7AE-4CFF-9499-5AF236EB2D37}.Release|Any CPU.ActiveCfg = Release|Any CPU
		{0490108F-B7AE-4CFF-9499-5AF236EB2D37}.Release|Any CPU.Build.0 = Release|Any CPU
		{D64ADB3C-B463-4163-BECD-7996F942904D}.Debug|Any CPU.ActiveCfg = Debug|Any CPU
		{D64ADB3C-B463-4163-BECD-7996F942904D}.Debug|Any CPU.Build.0 = Debug|Any CPU
		{D64ADB3C-B463-4163-BECD-7996F942904D}.Release|Any CPU.ActiveCfg = Release|Any CPU
		{D64ADB3C-B463-4163-BECD-7996F942904D}.Release|Any CPU.Build.0 = Release|Any CPU
		{DF040229-FDA1-45EC-AC71-143A425CE047}.Debug|Any CPU.ActiveCfg = Debug|Any CPU
		{DF040229-FDA1-45EC-AC71-143A425CE047}.Debug|Any CPU.Build.0 = Debug|Any CPU
		{DF040229-FDA1-45EC-AC71-143A425CE047}.Release|Any CPU.ActiveCfg = Release|Any CPU
		{DF040229-FDA1-45EC-AC71-143A425CE047}.Release|Any CPU.Build.0 = Release|Any CPU
		{3C5CF309-3766-48C4-A7E6-2DF3DAFBCF6B}.Debug|Any CPU.ActiveCfg = Debug|Any CPU
		{3C5CF309-3766-48C4-A7E6-2DF3DAFBCF6B}.Debug|Any CPU.Build.0 = Debug|Any CPU
		{3C5CF309-3766-48C4-A7E6-2DF3DAFBCF6B}.Release|Any CPU.ActiveCfg = Release|Any CPU
		{3C5CF309-3766-48C4-A7E6-2DF3DAFBCF6B}.Release|Any CPU.Build.0 = Release|Any CPU
	EndGlobalSection
	GlobalSection(SolutionProperties) = preSolution
		HideSolutionNode = FALSE
	EndGlobalSection
EndGlobal
