
Microsoft Visual Studio Solution File, Format Version 12.00
# Visual Studio 2012
Project("{FAE04EC0-301F-11D3-BF4B-00C04F79EFBC}") = "BiOWheels", "BiOWheels\BiOWheels.csproj", "{93FEA69C-640D-4187-9E15-AA3D60A96F3B}"
EndProject
Project("{FAE04EC0-301F-11D3-BF4B-00C04F79EFBC}") = "BiOWheelsLogger", "BiOWheelsLogger\BiOWheelsLogger.csproj", "{431A1474-6DD8-47B0-A1DD-3C011BE5958F}"
EndProject
Global
	GlobalSection(SolutionConfigurationPlatforms) = preSolution
		Debug|Any CPU = Debug|Any CPU
		Release|Any CPU = Release|Any CPU
	EndGlobalSection
	GlobalSection(ProjectConfigurationPlatforms) = postSolution
		{93FEA69C-640D-4187-9E15-AA3D60A96F3B}.Debug|Any CPU.ActiveCfg = Debug|Any CPU
		{93FEA69C-640D-4187-9E15-AA3D60A96F3B}.Debug|Any CPU.Build.0 = Debug|Any CPU
		{93FEA69C-640D-4187-9E15-AA3D60A96F3B}.Release|Any CPU.ActiveCfg = Release|Any CPU
		{93FEA69C-640D-4187-9E15-AA3D60A96F3B}.Release|Any CPU.Build.0 = Release|Any CPU
		{431A1474-6DD8-47B0-A1DD-3C011BE5958F}.Debug|Any CPU.ActiveCfg = Debug|Any CPU
		{431A1474-6DD8-47B0-A1DD-3C011BE5958F}.Debug|Any CPU.Build.0 = Debug|Any CPU
		{431A1474-6DD8-47B0-A1DD-3C011BE5958F}.Release|Any CPU.ActiveCfg = Release|Any CPU
		{431A1474-6DD8-47B0-A1DD-3C011BE5958F}.Release|Any CPU.Build.0 = Release|Any CPU
	EndGlobalSection
	GlobalSection(SolutionProperties) = preSolution
		HideSolutionNode = FALSE
	EndGlobalSection
EndGlobal
