
Microsoft Visual Studio Solution File, Format Version 12.00
# Visual Studio 2012
Project("{FAE04EC0-301F-11D3-BF4B-00C04F79EFBC}") = "BiOWheels", "BiOWheels\BiOWheels.csproj", "{93FEA69C-640D-4187-9E15-AA3D60A96F3B}"
EndProject
Project("{FAE04EC0-301F-11D3-BF4B-00C04F79EFBC}") = "BiOWheelsLogger", "BiOWheelsLogger\BiOWheelsLogger.csproj", "{431A1474-6DD8-47B0-A1DD-3C011BE5958F}"
EndProject
Project("{FAE04EC0-301F-11D3-BF4B-00C04F79EFBC}") = "BiOWheelsConfigManager", "BiOWheelsConfigManager\BiOWheelsConfigManager.csproj", "{6BAAD31D-13A8-4D48-8B5C-4F3A539F6957}"
EndProject
Project("{FAE04EC0-301F-11D3-BF4B-00C04F79EFBC}") = "BiOWheelsCommandLineArgsParser", "BiOWheelsCommandLineArgsParser\BiOWheelsCommandLineArgsParser.csproj", "{151CAB3A-43B2-49F5-8F34-E2ABFD9E86DA}"
EndProject
Project("{FAE04EC0-301F-11D3-BF4B-00C04F79EFBC}") = "BiOWheelsFileWatcher", "BiOWheelsFileWatcher\BiOWheelsFileWatcher.csproj", "{B209DC0C-CE94-44DE-B618-0BB1B810C480}"
EndProject
Project("{FAE04EC0-301F-11D3-BF4B-00C04F79EFBC}") = "BiOWheelsVisualizer", "BiOWheelsVisualizer\BiOWheelsVisualizer.csproj", "{8346B62C-A7E2-4859-A6DA-5B9803DA48CA}"
EndProject
Project("{FAE04EC0-301F-11D3-BF4B-00C04F79EFBC}") = "BiOWheelsLogger.Test", "BiOWheelsLogger.Test\BiOWheelsLogger.Test.csproj", "{DD469A26-1DE7-418B-A8B8-5A033D4CBC7C}"
EndProject
Project("{FAE04EC0-301F-11D3-BF4B-00C04F79EFBC}") = "BiOWheelsConfigManager.Test", "BiOWheelsConfigManager.Test\BiOWheelsConfigManager.Test.csproj", "{DEA30745-93C0-4575-ADC2-F3C83030E679}"
EndProject
Project("{2150E333-8FDC-42A3-9474-1A3956D46DE8}") = ".nuget", ".nuget", "{9637DE71-F6F3-4B61-BAEA-E57933ED2588}"
	ProjectSection(SolutionItems) = preProject
		.nuget\NuGet.Config = .nuget\NuGet.Config
		.nuget\NuGet.exe = .nuget\NuGet.exe
		.nuget\NuGet.targets = .nuget\NuGet.targets
	EndProjectSection
EndProject
Global
	GlobalSection(SolutionConfigurationPlatforms) = preSolution
		Debug|Any CPU = Debug|Any CPU
		Release|Any CPU = Release|Any CPU
	EndGlobalSection
	GlobalSection(ProjectConfigurationPlatforms) = postSolution
		{93FEA69C-640D-4187-9E15-AA3D60A96F3B}.Debug|Any CPU.ActiveCfg = Debug|Any CPU
		{93FEA69C-640D-4187-9E15-AA3D60A96F3B}.Debug|Any CPU.Build.0 = Debug|Any CPU
		{93FEA69C-640D-4187-9E15-AA3D60A96F3B}.Release|Any CPU.ActiveCfg = Release|Any CPU
		{93FEA69C-640D-4187-9E15-AA3D60A96F3B}.Release|Any CPU.Build.0 = Release|Any CPU
		{431A1474-6DD8-47B0-A1DD-3C011BE5958F}.Debug|Any CPU.ActiveCfg = Debug|Any CPU
		{431A1474-6DD8-47B0-A1DD-3C011BE5958F}.Debug|Any CPU.Build.0 = Debug|Any CPU
		{431A1474-6DD8-47B0-A1DD-3C011BE5958F}.Release|Any CPU.ActiveCfg = Release|Any CPU
		{431A1474-6DD8-47B0-A1DD-3C011BE5958F}.Release|Any CPU.Build.0 = Release|Any CPU
		{6BAAD31D-13A8-4D48-8B5C-4F3A539F6957}.Debug|Any CPU.ActiveCfg = Debug|Any CPU
		{6BAAD31D-13A8-4D48-8B5C-4F3A539F6957}.Debug|Any CPU.Build.0 = Debug|Any CPU
		{6BAAD31D-13A8-4D48-8B5C-4F3A539F6957}.Release|Any CPU.ActiveCfg = Release|Any CPU
		{6BAAD31D-13A8-4D48-8B5C-4F3A539F6957}.Release|Any CPU.Build.0 = Release|Any CPU
		{151CAB3A-43B2-49F5-8F34-E2ABFD9E86DA}.Debug|Any CPU.ActiveCfg = Debug|Any CPU
		{151CAB3A-43B2-49F5-8F34-E2ABFD9E86DA}.Debug|Any CPU.Build.0 = Debug|Any CPU
		{151CAB3A-43B2-49F5-8F34-E2ABFD9E86DA}.Release|Any CPU.ActiveCfg = Release|Any CPU
		{151CAB3A-43B2-49F5-8F34-E2ABFD9E86DA}.Release|Any CPU.Build.0 = Release|Any CPU
		{B209DC0C-CE94-44DE-B618-0BB1B810C480}.Debug|Any CPU.ActiveCfg = Debug|Any CPU
		{B209DC0C-CE94-44DE-B618-0BB1B810C480}.Debug|Any CPU.Build.0 = Debug|Any CPU
		{B209DC0C-CE94-44DE-B618-0BB1B810C480}.Release|Any CPU.ActiveCfg = Release|Any CPU
		{B209DC0C-CE94-44DE-B618-0BB1B810C480}.Release|Any CPU.Build.0 = Release|Any CPU
		{8346B62C-A7E2-4859-A6DA-5B9803DA48CA}.Debug|Any CPU.ActiveCfg = Debug|Any CPU
		{8346B62C-A7E2-4859-A6DA-5B9803DA48CA}.Debug|Any CPU.Build.0 = Debug|Any CPU
		{8346B62C-A7E2-4859-A6DA-5B9803DA48CA}.Release|Any CPU.ActiveCfg = Release|Any CPU
		{8346B62C-A7E2-4859-A6DA-5B9803DA48CA}.Release|Any CPU.Build.0 = Release|Any CPU
		{DD469A26-1DE7-418B-A8B8-5A033D4CBC7C}.Debug|Any CPU.ActiveCfg = Debug|Any CPU
		{DD469A26-1DE7-418B-A8B8-5A033D4CBC7C}.Debug|Any CPU.Build.0 = Debug|Any CPU
		{DD469A26-1DE7-418B-A8B8-5A033D4CBC7C}.Release|Any CPU.ActiveCfg = Release|Any CPU
		{DD469A26-1DE7-418B-A8B8-5A033D4CBC7C}.Release|Any CPU.Build.0 = Release|Any CPU
		{DEA30745-93C0-4575-ADC2-F3C83030E679}.Debug|Any CPU.ActiveCfg = Debug|Any CPU
		{DEA30745-93C0-4575-ADC2-F3C83030E679}.Debug|Any CPU.Build.0 = Debug|Any CPU
		{DEA30745-93C0-4575-ADC2-F3C83030E679}.Release|Any CPU.ActiveCfg = Release|Any CPU
		{DEA30745-93C0-4575-ADC2-F3C83030E679}.Release|Any CPU.Build.0 = Release|Any CPU
	EndGlobalSection
	GlobalSection(SolutionProperties) = preSolution
		HideSolutionNode = FALSE
	EndGlobalSection
EndGlobal
