
Microsoft Visual Studio Solution File, Format Version 12.00
# Visual Studio 2012
Project("{FAE04EC0-301F-11D3-BF4B-00C04F79EFBC}") = "BiOWheels", "BiOWheels\BiOWheels.csproj", "{93FEA69C-640D-4187-9E15-AA3D60A96F3B}"
EndProject
Project("{FAE04EC0-301F-11D3-BF4B-00C04F79EFBC}") = "BiOWheelsLogger", "BiOWheelsLogger\BiOWheelsLogger.csproj", "{431A1474-6DD8-47B0-A1DD-3C011BE5958F}"
EndProject
Project("{FAE04EC0-301F-11D3-BF4B-00C04F79EFBC}") = "BiOWheelsConfigManager", "BiOWheelsConfigManager\BiOWheelsConfigManager.csproj", "{6BAAD31D-13A8-4D48-8B5C-4F3A539F6957}"
EndProject
Project("{FAE04EC0-301F-11D3-BF4B-00C04F79EFBC}") = "BiOWheelsCommandLineArgsParser", "BiOWheelsCommandLineArgsParser\BiOWheelsCommandLineArgsParser.csproj", "{151CAB3A-43B2-49F5-8F34-E2ABFD9E86DA}"
EndProject
Project("{FAE04EC0-301F-11D3-BF4B-00C04F79EFBC}") = "BiOWheelsFileWatcher", "BiOWheelsFileWatcher\BiOWheelsFileWatcher.csproj", "{B209DC0C-CE94-44DE-B618-0BB1B810C480}"
EndProject
Project("{FAE04EC0-301F-11D3-BF4B-00C04F79EFBC}") = "BiOWheelsVisualizer", "BiOWheelsVisualizer\BiOWheelsVisualizer.csproj", "{8346B62C-A7E2-4859-A6DA-5B9803DA48CA}"
EndProject
Project("{FAE04EC0-301F-11D3-BF4B-00C04F79EFBC}") = "BiOWheelsLogger.Test", "BiOWheelsLogger.Test\BiOWheelsLogger.Test.csproj", "{DD469A26-1DE7-418B-A8B8-5A033D4CBC7C}"
EndProject
Project("{FAE04EC0-301F-11D3-BF4B-00C04F79EFBC}") = "BiOWheelsConfigManager.Test", "BiOWheelsConfigManager.Test\BiOWheelsConfigManager.Test.csproj", "{DEA30745-93C0-4575-ADC2-F3C83030E679}"
EndProject
Project("{2150E333-8FDC-42A3-9474-1A3956D46DE8}") = ".nuget", ".nuget", "{9637DE71-F6F3-4B61-BAEA-E57933ED2588}"
	ProjectSection(SolutionItems) = preProject
		.nuget\NuGet.Config = .nuget\NuGet.Config
		.nuget\NuGet.exe = .nuget\NuGet.exe
		.nuget\NuGet.targets = .nuget\NuGet.targets
		.nuget\packages.config = .nuget\packages.config
	EndProjectSection
EndProject
Project("{F088123C-0E9E-452A-89E6-6BA2F21D5CAC}") = "BiOWheelsDiagrams", "BiOWheelsDiagrams\BiOWheelsDiagrams.modelproj", "{74A75714-6EA6-4AC7-A632-9AB9E2581CC5}"
EndProject
Project("{FAE04EC0-301F-11D3-BF4B-00C04F79EFBC}") = "BiOWheelsVisualizer.Test", "BiOWheelsVisualizer.Test\BiOWheelsVisualizer.Test.csproj", "{4C27CA52-D285-4595-8EB6-5BAD2C973209}"
EndProject
Project("{FAE04EC0-301F-11D3-BF4B-00C04F79EFBC}") = "BiOWheelsNetworkAgent", "BiOWheelsNetworkAgent\BiOWheelsNetworkAgent.csproj", "{F04F750B-472B-4A20-BA1B-D0EC0E926894}"
EndProject
Project("{FAE04EC0-301F-11D3-BF4B-00C04F79EFBC}") = "BiOWheelsListener", "BiOWheelsListener\BiOWheelsListener.csproj", "{05363104-8B65-423D-9E90-86915FC6605C}"
EndProject
Project("{FAE04EC0-301F-11D3-BF4B-00C04F79EFBC}") = "BiOWheelsFileWatcher.Test", "BiOWheelsFileWatcher.Test\BiOWheelsFileWatcher.Test.csproj", "{691D6655-C5CB-45EC-86B1-5C76B5296E33}"
EndProject
Project("{FAE04EC0-301F-11D3-BF4B-00C04F79EFBC}") = "BiOWheelsTestHelper", "BiOWheelsTestHelper\BiOWheelsTestHelper.csproj", "{EDEBD467-2D10-48A1-94AF-598C9343A26D}"
EndProject
Project("{FAE04EC0-301F-11D3-BF4B-00C04F79EFBC}") = "BiOWheelsTextToSpeechService", "BiOWheelsTextToSpeechService\BiOWheelsTextToSpeechService.csproj", "{E0DD6ABF-9E27-49AF-A3F9-9D9B46CD6557}"
EndProject
Project("{FAE04EC0-301F-11D3-BF4B-00C04F79EFBC}") = "BiOWheelsPerformanceMonitor", "BiOWheelsPerformanceMonitor\BiOWheelsPerformanceMonitor.csproj", "{B9D61624-4B6D-41CC-9D2F-55634D3F5C77}"
EndProject
Project("{FAE04EC0-301F-11D3-BF4B-00C04F79EFBC}") = "BiOWheelsPerformanceMonitor.Test", "BiOWheelsPerformanceMonitor.Test\BiOWheelsPerformanceMonitor.Test.csproj", "{4A43FE1A-4E44-45D0-BFE1-5016FE0B6F36}"
EndProject
Global
	GlobalSection(SolutionConfigurationPlatforms) = preSolution
		Debug|Any CPU = Debug|Any CPU
		Debug|ARM = Debug|ARM
		Debug|x86 = Debug|x86
		Release|Any CPU = Release|Any CPU
		Release|ARM = Release|ARM
		Release|x86 = Release|x86
	EndGlobalSection
	GlobalSection(ProjectConfigurationPlatforms) = postSolution
		{93FEA69C-640D-4187-9E15-AA3D60A96F3B}.Debug|Any CPU.ActiveCfg = Debug|Any CPU
		{93FEA69C-640D-4187-9E15-AA3D60A96F3B}.Debug|Any CPU.Build.0 = Debug|Any CPU
		{93FEA69C-640D-4187-9E15-AA3D60A96F3B}.Debug|ARM.ActiveCfg = Debug|Any CPU
		{93FEA69C-640D-4187-9E15-AA3D60A96F3B}.Debug|x86.ActiveCfg = Debug|Any CPU
		{93FEA69C-640D-4187-9E15-AA3D60A96F3B}.Release|Any CPU.ActiveCfg = Release|Any CPU
		{93FEA69C-640D-4187-9E15-AA3D60A96F3B}.Release|Any CPU.Build.0 = Release|Any CPU
		{93FEA69C-640D-4187-9E15-AA3D60A96F3B}.Release|ARM.ActiveCfg = Release|Any CPU
		{93FEA69C-640D-4187-9E15-AA3D60A96F3B}.Release|x86.ActiveCfg = Release|Any CPU
		{431A1474-6DD8-47B0-A1DD-3C011BE5958F}.Debug|Any CPU.ActiveCfg = Debug|Any CPU
		{431A1474-6DD8-47B0-A1DD-3C011BE5958F}.Debug|Any CPU.Build.0 = Debug|Any CPU
		{431A1474-6DD8-47B0-A1DD-3C011BE5958F}.Debug|ARM.ActiveCfg = Debug|Any CPU
		{431A1474-6DD8-47B0-A1DD-3C011BE5958F}.Debug|x86.ActiveCfg = Debug|Any CPU
		{431A1474-6DD8-47B0-A1DD-3C011BE5958F}.Release|Any CPU.ActiveCfg = Release|Any CPU
		{431A1474-6DD8-47B0-A1DD-3C011BE5958F}.Release|Any CPU.Build.0 = Release|Any CPU
		{431A1474-6DD8-47B0-A1DD-3C011BE5958F}.Release|ARM.ActiveCfg = Release|Any CPU
		{431A1474-6DD8-47B0-A1DD-3C011BE5958F}.Release|x86.ActiveCfg = Release|Any CPU
		{6BAAD31D-13A8-4D48-8B5C-4F3A539F6957}.Debug|Any CPU.ActiveCfg = Debug|Any CPU
		{6BAAD31D-13A8-4D48-8B5C-4F3A539F6957}.Debug|Any CPU.Build.0 = Debug|Any CPU
		{6BAAD31D-13A8-4D48-8B5C-4F3A539F6957}.Debug|ARM.ActiveCfg = Debug|Any CPU
		{6BAAD31D-13A8-4D48-8B5C-4F3A539F6957}.Debug|x86.ActiveCfg = Debug|Any CPU
		{6BAAD31D-13A8-4D48-8B5C-4F3A539F6957}.Release|Any CPU.ActiveCfg = Release|Any CPU
		{6BAAD31D-13A8-4D48-8B5C-4F3A539F6957}.Release|Any CPU.Build.0 = Release|Any CPU
		{6BAAD31D-13A8-4D48-8B5C-4F3A539F6957}.Release|ARM.ActiveCfg = Release|Any CPU
		{6BAAD31D-13A8-4D48-8B5C-4F3A539F6957}.Release|x86.ActiveCfg = Release|Any CPU
		{151CAB3A-43B2-49F5-8F34-E2ABFD9E86DA}.Debug|Any CPU.ActiveCfg = Debug|Any CPU
		{151CAB3A-43B2-49F5-8F34-E2ABFD9E86DA}.Debug|Any CPU.Build.0 = Debug|Any CPU
		{151CAB3A-43B2-49F5-8F34-E2ABFD9E86DA}.Debug|ARM.ActiveCfg = Debug|Any CPU
		{151CAB3A-43B2-49F5-8F34-E2ABFD9E86DA}.Debug|x86.ActiveCfg = Debug|Any CPU
		{151CAB3A-43B2-49F5-8F34-E2ABFD9E86DA}.Release|Any CPU.ActiveCfg = Release|Any CPU
		{151CAB3A-43B2-49F5-8F34-E2ABFD9E86DA}.Release|Any CPU.Build.0 = Release|Any CPU
		{151CAB3A-43B2-49F5-8F34-E2ABFD9E86DA}.Release|ARM.ActiveCfg = Release|Any CPU
		{151CAB3A-43B2-49F5-8F34-E2ABFD9E86DA}.Release|x86.ActiveCfg = Release|Any CPU
		{B209DC0C-CE94-44DE-B618-0BB1B810C480}.Debug|Any CPU.ActiveCfg = Debug|Any CPU
		{B209DC0C-CE94-44DE-B618-0BB1B810C480}.Debug|Any CPU.Build.0 = Debug|Any CPU
		{B209DC0C-CE94-44DE-B618-0BB1B810C480}.Debug|ARM.ActiveCfg = Debug|Any CPU
		{B209DC0C-CE94-44DE-B618-0BB1B810C480}.Debug|x86.ActiveCfg = Debug|Any CPU
		{B209DC0C-CE94-44DE-B618-0BB1B810C480}.Release|Any CPU.ActiveCfg = Release|Any CPU
		{B209DC0C-CE94-44DE-B618-0BB1B810C480}.Release|Any CPU.Build.0 = Release|Any CPU
		{B209DC0C-CE94-44DE-B618-0BB1B810C480}.Release|ARM.ActiveCfg = Release|Any CPU
		{B209DC0C-CE94-44DE-B618-0BB1B810C480}.Release|x86.ActiveCfg = Release|Any CPU
		{8346B62C-A7E2-4859-A6DA-5B9803DA48CA}.Debug|Any CPU.ActiveCfg = Debug|Any CPU
		{8346B62C-A7E2-4859-A6DA-5B9803DA48CA}.Debug|Any CPU.Build.0 = Debug|Any CPU
		{8346B62C-A7E2-4859-A6DA-5B9803DA48CA}.Debug|ARM.ActiveCfg = Debug|Any CPU
		{8346B62C-A7E2-4859-A6DA-5B9803DA48CA}.Debug|x86.ActiveCfg = Debug|Any CPU
		{8346B62C-A7E2-4859-A6DA-5B9803DA48CA}.Release|Any CPU.ActiveCfg = Release|Any CPU
		{8346B62C-A7E2-4859-A6DA-5B9803DA48CA}.Release|Any CPU.Build.0 = Release|Any CPU
		{8346B62C-A7E2-4859-A6DA-5B9803DA48CA}.Release|ARM.ActiveCfg = Release|Any CPU
		{8346B62C-A7E2-4859-A6DA-5B9803DA48CA}.Release|x86.ActiveCfg = Release|Any CPU
		{DD469A26-1DE7-418B-A8B8-5A033D4CBC7C}.Debug|Any CPU.ActiveCfg = Debug|Any CPU
		{DD469A26-1DE7-418B-A8B8-5A033D4CBC7C}.Debug|Any CPU.Build.0 = Debug|Any CPU
		{DD469A26-1DE7-418B-A8B8-5A033D4CBC7C}.Debug|ARM.ActiveCfg = Debug|Any CPU
		{DD469A26-1DE7-418B-A8B8-5A033D4CBC7C}.Debug|x86.ActiveCfg = Debug|Any CPU
		{DD469A26-1DE7-418B-A8B8-5A033D4CBC7C}.Release|Any CPU.ActiveCfg = Release|Any CPU
		{DD469A26-1DE7-418B-A8B8-5A033D4CBC7C}.Release|Any CPU.Build.0 = Release|Any CPU
		{DD469A26-1DE7-418B-A8B8-5A033D4CBC7C}.Release|ARM.ActiveCfg = Release|Any CPU
		{DD469A26-1DE7-418B-A8B8-5A033D4CBC7C}.Release|x86.ActiveCfg = Release|Any CPU
		{DEA30745-93C0-4575-ADC2-F3C83030E679}.Debug|Any CPU.ActiveCfg = Debug|Any CPU
		{DEA30745-93C0-4575-ADC2-F3C83030E679}.Debug|Any CPU.Build.0 = Debug|Any CPU
		{DEA30745-93C0-4575-ADC2-F3C83030E679}.Debug|ARM.ActiveCfg = Debug|Any CPU
		{DEA30745-93C0-4575-ADC2-F3C83030E679}.Debug|x86.ActiveCfg = Debug|Any CPU
		{DEA30745-93C0-4575-ADC2-F3C83030E679}.Release|Any CPU.ActiveCfg = Release|Any CPU
		{DEA30745-93C0-4575-ADC2-F3C83030E679}.Release|Any CPU.Build.0 = Release|Any CPU
		{DEA30745-93C0-4575-ADC2-F3C83030E679}.Release|ARM.ActiveCfg = Release|Any CPU
		{DEA30745-93C0-4575-ADC2-F3C83030E679}.Release|x86.ActiveCfg = Release|Any CPU
		{74A75714-6EA6-4AC7-A632-9AB9E2581CC5}.Debug|Any CPU.ActiveCfg = Debug|Any CPU
		{74A75714-6EA6-4AC7-A632-9AB9E2581CC5}.Debug|Any CPU.Build.0 = Debug|Any CPU
		{74A75714-6EA6-4AC7-A632-9AB9E2581CC5}.Debug|ARM.ActiveCfg = Debug|Any CPU
		{74A75714-6EA6-4AC7-A632-9AB9E2581CC5}.Debug|x86.ActiveCfg = Debug|Any CPU
		{74A75714-6EA6-4AC7-A632-9AB9E2581CC5}.Release|Any CPU.ActiveCfg = Release|Any CPU
		{74A75714-6EA6-4AC7-A632-9AB9E2581CC5}.Release|Any CPU.Build.0 = Release|Any CPU
		{74A75714-6EA6-4AC7-A632-9AB9E2581CC5}.Release|ARM.ActiveCfg = Release|Any CPU
		{74A75714-6EA6-4AC7-A632-9AB9E2581CC5}.Release|x86.ActiveCfg = Release|Any CPU
		{4C27CA52-D285-4595-8EB6-5BAD2C973209}.Debug|Any CPU.ActiveCfg = Debug|Any CPU
		{4C27CA52-D285-4595-8EB6-5BAD2C973209}.Debug|Any CPU.Build.0 = Debug|Any CPU
		{4C27CA52-D285-4595-8EB6-5BAD2C973209}.Debug|ARM.ActiveCfg = Debug|Any CPU
		{4C27CA52-D285-4595-8EB6-5BAD2C973209}.Debug|x86.ActiveCfg = Debug|Any CPU
		{4C27CA52-D285-4595-8EB6-5BAD2C973209}.Release|Any CPU.ActiveCfg = Release|Any CPU
		{4C27CA52-D285-4595-8EB6-5BAD2C973209}.Release|Any CPU.Build.0 = Release|Any CPU
		{4C27CA52-D285-4595-8EB6-5BAD2C973209}.Release|ARM.ActiveCfg = Release|Any CPU
		{4C27CA52-D285-4595-8EB6-5BAD2C973209}.Release|x86.ActiveCfg = Release|Any CPU
		{F04F750B-472B-4A20-BA1B-D0EC0E926894}.Debug|Any CPU.ActiveCfg = Debug|Any CPU
		{F04F750B-472B-4A20-BA1B-D0EC0E926894}.Debug|Any CPU.Build.0 = Debug|Any CPU
		{F04F750B-472B-4A20-BA1B-D0EC0E926894}.Debug|ARM.ActiveCfg = Debug|Any CPU
		{F04F750B-472B-4A20-BA1B-D0EC0E926894}.Debug|x86.ActiveCfg = Debug|Any CPU
		{F04F750B-472B-4A20-BA1B-D0EC0E926894}.Release|Any CPU.ActiveCfg = Release|Any CPU
		{F04F750B-472B-4A20-BA1B-D0EC0E926894}.Release|Any CPU.Build.0 = Release|Any CPU
		{F04F750B-472B-4A20-BA1B-D0EC0E926894}.Release|ARM.ActiveCfg = Release|Any CPU
		{F04F750B-472B-4A20-BA1B-D0EC0E926894}.Release|x86.ActiveCfg = Release|Any CPU
		{05363104-8B65-423D-9E90-86915FC6605C}.Debug|Any CPU.ActiveCfg = Debug|Any CPU
		{05363104-8B65-423D-9E90-86915FC6605C}.Debug|Any CPU.Build.0 = Debug|Any CPU
		{05363104-8B65-423D-9E90-86915FC6605C}.Debug|ARM.ActiveCfg = Debug|Any CPU
		{05363104-8B65-423D-9E90-86915FC6605C}.Debug|x86.ActiveCfg = Debug|Any CPU
		{05363104-8B65-423D-9E90-86915FC6605C}.Release|Any CPU.ActiveCfg = Release|Any CPU
		{05363104-8B65-423D-9E90-86915FC6605C}.Release|Any CPU.Build.0 = Release|Any CPU
		{05363104-8B65-423D-9E90-86915FC6605C}.Release|ARM.ActiveCfg = Release|Any CPU
		{05363104-8B65-423D-9E90-86915FC6605C}.Release|x86.ActiveCfg = Release|Any CPU
		{691D6655-C5CB-45EC-86B1-5C76B5296E33}.Debug|Any CPU.ActiveCfg = Debug|Any CPU
		{691D6655-C5CB-45EC-86B1-5C76B5296E33}.Debug|Any CPU.Build.0 = Debug|Any CPU
		{691D6655-C5CB-45EC-86B1-5C76B5296E33}.Debug|ARM.ActiveCfg = Debug|Any CPU
		{691D6655-C5CB-45EC-86B1-5C76B5296E33}.Debug|x86.ActiveCfg = Debug|Any CPU
		{691D6655-C5CB-45EC-86B1-5C76B5296E33}.Release|Any CPU.ActiveCfg = Release|Any CPU
		{691D6655-C5CB-45EC-86B1-5C76B5296E33}.Release|Any CPU.Build.0 = Release|Any CPU
		{691D6655-C5CB-45EC-86B1-5C76B5296E33}.Release|ARM.ActiveCfg = Release|Any CPU
		{691D6655-C5CB-45EC-86B1-5C76B5296E33}.Release|x86.ActiveCfg = Release|Any CPU
		{EDEBD467-2D10-48A1-94AF-598C9343A26D}.Debug|Any CPU.ActiveCfg = Debug|Any CPU
		{EDEBD467-2D10-48A1-94AF-598C9343A26D}.Debug|Any CPU.Build.0 = Debug|Any CPU
		{EDEBD467-2D10-48A1-94AF-598C9343A26D}.Debug|ARM.ActiveCfg = Debug|Any CPU
		{EDEBD467-2D10-48A1-94AF-598C9343A26D}.Debug|x86.ActiveCfg = Debug|Any CPU
		{EDEBD467-2D10-48A1-94AF-598C9343A26D}.Release|Any CPU.ActiveCfg = Release|Any CPU
		{EDEBD467-2D10-48A1-94AF-598C9343A26D}.Release|Any CPU.Build.0 = Release|Any CPU
		{EDEBD467-2D10-48A1-94AF-598C9343A26D}.Release|ARM.ActiveCfg = Release|Any CPU
		{EDEBD467-2D10-48A1-94AF-598C9343A26D}.Release|x86.ActiveCfg = Release|Any CPU
		{E0DD6ABF-9E27-49AF-A3F9-9D9B46CD6557}.Debug|Any CPU.ActiveCfg = Debug|Any CPU
		{E0DD6ABF-9E27-49AF-A3F9-9D9B46CD6557}.Debug|Any CPU.Build.0 = Debug|Any CPU
		{E0DD6ABF-9E27-49AF-A3F9-9D9B46CD6557}.Debug|ARM.ActiveCfg = Debug|Any CPU
		{E0DD6ABF-9E27-49AF-A3F9-9D9B46CD6557}.Debug|x86.ActiveCfg = Debug|Any CPU
		{E0DD6ABF-9E27-49AF-A3F9-9D9B46CD6557}.Release|Any CPU.ActiveCfg = Release|Any CPU
		{E0DD6ABF-9E27-49AF-A3F9-9D9B46CD6557}.Release|Any CPU.Build.0 = Release|Any CPU
		{E0DD6ABF-9E27-49AF-A3F9-9D9B46CD6557}.Release|ARM.ActiveCfg = Release|Any CPU
		{E0DD6ABF-9E27-49AF-A3F9-9D9B46CD6557}.Release|x86.ActiveCfg = Release|Any CPU
		{B9D61624-4B6D-41CC-9D2F-55634D3F5C77}.Debug|Any CPU.ActiveCfg = Debug|Any CPU
		{B9D61624-4B6D-41CC-9D2F-55634D3F5C77}.Debug|Any CPU.Build.0 = Debug|Any CPU
		{B9D61624-4B6D-41CC-9D2F-55634D3F5C77}.Debug|ARM.ActiveCfg = Debug|Any CPU
		{B9D61624-4B6D-41CC-9D2F-55634D3F5C77}.Debug|x86.ActiveCfg = Debug|Any CPU
		{B9D61624-4B6D-41CC-9D2F-55634D3F5C77}.Release|Any CPU.ActiveCfg = Release|Any CPU
		{B9D61624-4B6D-41CC-9D2F-55634D3F5C77}.Release|Any CPU.Build.0 = Release|Any CPU
		{B9D61624-4B6D-41CC-9D2F-55634D3F5C77}.Release|ARM.ActiveCfg = Release|Any CPU
		{B9D61624-4B6D-41CC-9D2F-55634D3F5C77}.Release|x86.ActiveCfg = Release|Any CPU
		{4A43FE1A-4E44-45D0-BFE1-5016FE0B6F36}.Debug|Any CPU.ActiveCfg = Debug|Any CPU
		{4A43FE1A-4E44-45D0-BFE1-5016FE0B6F36}.Debug|Any CPU.Build.0 = Debug|Any CPU
		{4A43FE1A-4E44-45D0-BFE1-5016FE0B6F36}.Debug|ARM.ActiveCfg = Debug|Any CPU
		{4A43FE1A-4E44-45D0-BFE1-5016FE0B6F36}.Debug|x86.ActiveCfg = Debug|Any CPU
		{4A43FE1A-4E44-45D0-BFE1-5016FE0B6F36}.Release|Any CPU.ActiveCfg = Release|Any CPU
		{4A43FE1A-4E44-45D0-BFE1-5016FE0B6F36}.Release|Any CPU.Build.0 = Release|Any CPU
		{4A43FE1A-4E44-45D0-BFE1-5016FE0B6F36}.Release|ARM.ActiveCfg = Release|Any CPU
		{4A43FE1A-4E44-45D0-BFE1-5016FE0B6F36}.Release|x86.ActiveCfg = Release|Any CPU
	EndGlobalSection
	GlobalSection(SolutionProperties) = preSolution
		HideSolutionNode = FALSE
	EndGlobalSection
EndGlobal
