
Microsoft Visual Studio Solution File, Format Version 12.00
# Visual Studio 2012
Project("{FAE04EC0-301F-11D3-BF4B-00C04F79EFBC}") = "MyStackProgram", "StackProgram\MyStackProgram.csproj", "{2DC508B3-13DC-486D-BBA9-084F56882E27}"
EndProject
Project("{FAE04EC0-301F-11D3-BF4B-00C04F79EFBC}") = "MyStackTests", "StackTest\MyStackTests.csproj", "{05DD007A-B0F2-49A2-A2A2-4C3B254B6EAE}"
EndProject
Project("{FAE04EC0-301F-11D3-BF4B-00C04F79EFBC}") = "MyQueueProgram", "MyQueueProgram\MyQueueProgram.csproj", "{0CC21D25-6538-4EEB-90C1-D9EA0CB86F7E}"
EndProject
Project("{FAE04EC0-301F-11D3-BF4B-00C04F79EFBC}") = "MyQueueTests", "MyQueueTests\MyQueueTests.csproj", "{259104D2-5291-472D-9846-63D5845C8251}"
EndProject
Project("{FAE04EC0-301F-11D3-BF4B-00C04F79EFBC}") = "RecursiveCalculation", "RecursiveCalculation\RecursiveCalculation.csproj", "{33AC86C2-D609-4A16-8213-88C0B410B181}"
EndProject
Project("{FAE04EC0-301F-11D3-BF4B-00C04F79EFBC}") = "RecursiveCalculationTests", "RecursiveCalculationTests\RecursiveCalculationTests.csproj", "{7D1DB46D-6449-4794-88FC-8313BD319421}"
EndProject
Global
	GlobalSection(SolutionConfigurationPlatforms) = preSolution
		Debug|Any CPU = Debug|Any CPU
		Release|Any CPU = Release|Any CPU
	EndGlobalSection
	GlobalSection(ProjectConfigurationPlatforms) = postSolution
		{2DC508B3-13DC-486D-BBA9-084F56882E27}.Debug|Any CPU.ActiveCfg = Debug|Any CPU
		{2DC508B3-13DC-486D-BBA9-084F56882E27}.Debug|Any CPU.Build.0 = Debug|Any CPU
		{2DC508B3-13DC-486D-BBA9-084F56882E27}.Release|Any CPU.ActiveCfg = Release|Any CPU
		{2DC508B3-13DC-486D-BBA9-084F56882E27}.Release|Any CPU.Build.0 = Release|Any CPU
		{05DD007A-B0F2-49A2-A2A2-4C3B254B6EAE}.Debug|Any CPU.ActiveCfg = Debug|Any CPU
		{05DD007A-B0F2-49A2-A2A2-4C3B254B6EAE}.Debug|Any CPU.Build.0 = Debug|Any CPU
		{05DD007A-B0F2-49A2-A2A2-4C3B254B6EAE}.Release|Any CPU.ActiveCfg = Release|Any CPU
		{05DD007A-B0F2-49A2-A2A2-4C3B254B6EAE}.Release|Any CPU.Build.0 = Release|Any CPU
		{0CC21D25-6538-4EEB-90C1-D9EA0CB86F7E}.Debug|Any CPU.ActiveCfg = Debug|Any CPU
		{0CC21D25-6538-4EEB-90C1-D9EA0CB86F7E}.Debug|Any CPU.Build.0 = Debug|Any CPU
		{0CC21D25-6538-4EEB-90C1-D9EA0CB86F7E}.Release|Any CPU.ActiveCfg = Release|Any CPU
		{0CC21D25-6538-4EEB-90C1-D9EA0CB86F7E}.Release|Any CPU.Build.0 = Release|Any CPU
		{259104D2-5291-472D-9846-63D5845C8251}.Debug|Any CPU.ActiveCfg = Debug|Any CPU
		{259104D2-5291-472D-9846-63D5845C8251}.Debug|Any CPU.Build.0 = Debug|Any CPU
		{259104D2-5291-472D-9846-63D5845C8251}.Release|Any CPU.ActiveCfg = Release|Any CPU
		{259104D2-5291-472D-9846-63D5845C8251}.Release|Any CPU.Build.0 = Release|Any CPU
		{33AC86C2-D609-4A16-8213-88C0B410B181}.Debug|Any CPU.ActiveCfg = Debug|Any CPU
		{33AC86C2-D609-4A16-8213-88C0B410B181}.Debug|Any CPU.Build.0 = Debug|Any CPU
		{33AC86C2-D609-4A16-8213-88C0B410B181}.Release|Any CPU.ActiveCfg = Release|Any CPU
		{33AC86C2-D609-4A16-8213-88C0B410B181}.Release|Any CPU.Build.0 = Release|Any CPU
		{7D1DB46D-6449-4794-88FC-8313BD319421}.Debug|Any CPU.ActiveCfg = Debug|Any CPU
		{7D1DB46D-6449-4794-88FC-8313BD319421}.Debug|Any CPU.Build.0 = Debug|Any CPU
		{7D1DB46D-6449-4794-88FC-8313BD319421}.Release|Any CPU.ActiveCfg = Release|Any CPU
		{7D1DB46D-6449-4794-88FC-8313BD319421}.Release|Any CPU.Build.0 = Release|Any CPU
	EndGlobalSection
	GlobalSection(SolutionProperties) = preSolution
		HideSolutionNode = FALSE
	EndGlobalSection
EndGlobal
