
Microsoft Visual Studio Solution File, Format Version 12.00
# Visual Studio 2013
VisualStudioVersion = 12.0.30501.0
MinimumVisualStudioVersion = 10.0.40219.1
Project("{FAE04EC0-301F-11D3-BF4B-00C04F79EFBC}") = "ServiceLibrary", "WcfServiceLibrary_SOAP\ServiceLibrary.csproj", "{2EBD8427-9F76-41BD-822E-21732671B28A}"
EndProject
Project("{FAE04EC0-301F-11D3-BF4B-00C04F79EFBC}") = "DataAccessLayer", "..\SOA\DataAccessLayer\DataAccessLayer.csproj", "{556D1C9B-4E1F-4F19-AD72-74E1C79759E6}"
EndProject
Project("{FAE04EC0-301F-11D3-BF4B-00C04F79EFBC}") = "ServiceHost", "ServiceHost\ServiceHost.csproj", "{471AF742-5236-417E-A609-D912E449633B}"
EndProject
Project("{FAE04EC0-301F-11D3-BF4B-00C04F79EFBC}") = "ConsoleClient", "ConsoleClient\ConsoleClient.csproj", "{11ADD208-CE21-4C86-A0DD-85A2215ABB61}"
EndProject
Global
	GlobalSection(SolutionConfigurationPlatforms) = preSolution
		Debug|Any CPU = Debug|Any CPU
		Release|Any CPU = Release|Any CPU
	EndGlobalSection
	GlobalSection(ProjectConfigurationPlatforms) = postSolution
		{2EBD8427-9F76-41BD-822E-21732671B28A}.Debug|Any CPU.ActiveCfg = Debug|Any CPU
		{2EBD8427-9F76-41BD-822E-21732671B28A}.Debug|Any CPU.Build.0 = Debug|Any CPU
		{2EBD8427-9F76-41BD-822E-21732671B28A}.Release|Any CPU.ActiveCfg = Release|Any CPU
		{2EBD8427-9F76-41BD-822E-21732671B28A}.Release|Any CPU.Build.0 = Release|Any CPU
		{556D1C9B-4E1F-4F19-AD72-74E1C79759E6}.Debug|Any CPU.ActiveCfg = Debug|Any CPU
		{556D1C9B-4E1F-4F19-AD72-74E1C79759E6}.Debug|Any CPU.Build.0 = Debug|Any CPU
		{556D1C9B-4E1F-4F19-AD72-74E1C79759E6}.Release|Any CPU.ActiveCfg = Release|Any CPU
		{556D1C9B-4E1F-4F19-AD72-74E1C79759E6}.Release|Any CPU.Build.0 = Release|Any CPU
		{471AF742-5236-417E-A609-D912E449633B}.Debug|Any CPU.ActiveCfg = Debug|Any CPU
		{471AF742-5236-417E-A609-D912E449633B}.Debug|Any CPU.Build.0 = Debug|Any CPU
		{471AF742-5236-417E-A609-D912E449633B}.Release|Any CPU.ActiveCfg = Release|Any CPU
		{471AF742-5236-417E-A609-D912E449633B}.Release|Any CPU.Build.0 = Release|Any CPU
		{11ADD208-CE21-4C86-A0DD-85A2215ABB61}.Debug|Any CPU.ActiveCfg = Debug|Any CPU
		{11ADD208-CE21-4C86-A0DD-85A2215ABB61}.Debug|Any CPU.Build.0 = Debug|Any CPU
		{11ADD208-CE21-4C86-A0DD-85A2215ABB61}.Release|Any CPU.ActiveCfg = Release|Any CPU
		{11ADD208-CE21-4C86-A0DD-85A2215ABB61}.Release|Any CPU.Build.0 = Release|Any CPU
	EndGlobalSection
	GlobalSection(SolutionProperties) = preSolution
		HideSolutionNode = FALSE
	EndGlobalSection
EndGlobal
