
Microsoft Visual Studio Solution File, Format Version 12.00
# Visual Studio 2012
Project("{FAE04EC0-301F-11D3-BF4B-00C04F79EFBC}") = "ConsoleBox", "ConsolBox\ConsoleBox.csproj", "{B323001F-3B09-47EC-8821-DD13A012A2D0}"
EndProject
Project("{FAE04EC0-301F-11D3-BF4B-00C04F79EFBC}") = "ConsoleBoxFileWatcher", "ConsoleBoxFileWatcher\ConsoleBoxFileWatcher.csproj", "{42070756-C758-4C3D-B3DD-BDD8F791A8B6}"
EndProject
Project("{FAE04EC0-301F-11D3-BF4B-00C04F79EFBC}") = "ConsoleBoxLogger", "ConsoleBoxLogger\ConsoleBoxLogger.csproj", "{952E2D69-0DA5-47C5-81D8-909AFEED342D}"
EndProject
Project("{FAE04EC0-301F-11D3-BF4B-00C04F79EFBC}") = "ConsoleBoxConfigLoader", "ConsoleBoxConfigLoader\ConsoleBoxConfigLoader.csproj", "{9AACA6EC-7BDE-4142-AE15-024232AC10FF}"
EndProject
Project("{FAE04EC0-301F-11D3-BF4B-00C04F79EFBC}") = "ConsoleBoxCommandLineArgsParser", "CommandLineArgsParser\ConsoleBoxCommandLineArgsParser.csproj", "{E764C457-3A65-4837-9732-0C2BCDF33A3F}"
EndProject
Project("{FAE04EC0-301F-11D3-BF4B-00C04F79EFBC}") = "ConsoleBoxVisualizer", "ConsoleBoxVisualizer\ConsoleBoxVisualizer.csproj", "{9EEB3407-D47E-47BD-9DBC-EAB167D7F53D}"
EndProject
Project("{FAE04EC0-301F-11D3-BF4B-00C04F79EFBC}") = "ConsoleBoxLogger.test", "ConsoleBoxLogger.test\ConsoleBoxLogger.test.csproj", "{D4B18985-BAB4-414F-B579-A333BBA9CD7A}"
EndProject
Project("{FAE04EC0-301F-11D3-BF4B-00C04F79EFBC}") = "ConsoleBoxDataManager", "ConsoleBoxFileManager\ConsoleBoxDataManager.csproj", "{303F0811-17A5-464B-B505-848A7D48807C}"
EndProject
Project("{FAE04EC0-301F-11D3-BF4B-00C04F79EFBC}") = "ConsoleBoxVolumeSplitter", "ConsoleBoxVolumeSplitter\ConsoleBoxVolumeSplitter.csproj", "{0B1EE86D-801B-410A-A731-95A1C216610E}"
EndProject
Global
	GlobalSection(SolutionConfigurationPlatforms) = preSolution
		Debug|Any CPU = Debug|Any CPU
		Release|Any CPU = Release|Any CPU
	EndGlobalSection
	GlobalSection(ProjectConfigurationPlatforms) = postSolution
		{B323001F-3B09-47EC-8821-DD13A012A2D0}.Debug|Any CPU.ActiveCfg = Debug|Any CPU
		{B323001F-3B09-47EC-8821-DD13A012A2D0}.Debug|Any CPU.Build.0 = Debug|Any CPU
		{B323001F-3B09-47EC-8821-DD13A012A2D0}.Release|Any CPU.ActiveCfg = Release|Any CPU
		{B323001F-3B09-47EC-8821-DD13A012A2D0}.Release|Any CPU.Build.0 = Release|Any CPU
		{42070756-C758-4C3D-B3DD-BDD8F791A8B6}.Debug|Any CPU.ActiveCfg = Debug|Any CPU
		{42070756-C758-4C3D-B3DD-BDD8F791A8B6}.Debug|Any CPU.Build.0 = Debug|Any CPU
		{42070756-C758-4C3D-B3DD-BDD8F791A8B6}.Release|Any CPU.ActiveCfg = Release|Any CPU
		{42070756-C758-4C3D-B3DD-BDD8F791A8B6}.Release|Any CPU.Build.0 = Release|Any CPU
		{952E2D69-0DA5-47C5-81D8-909AFEED342D}.Debug|Any CPU.ActiveCfg = Debug|Any CPU
		{952E2D69-0DA5-47C5-81D8-909AFEED342D}.Debug|Any CPU.Build.0 = Debug|Any CPU
		{952E2D69-0DA5-47C5-81D8-909AFEED342D}.Release|Any CPU.ActiveCfg = Release|Any CPU
		{952E2D69-0DA5-47C5-81D8-909AFEED342D}.Release|Any CPU.Build.0 = Release|Any CPU
		{9AACA6EC-7BDE-4142-AE15-024232AC10FF}.Debug|Any CPU.ActiveCfg = Debug|Any CPU
		{9AACA6EC-7BDE-4142-AE15-024232AC10FF}.Debug|Any CPU.Build.0 = Debug|Any CPU
		{9AACA6EC-7BDE-4142-AE15-024232AC10FF}.Release|Any CPU.ActiveCfg = Release|Any CPU
		{9AACA6EC-7BDE-4142-AE15-024232AC10FF}.Release|Any CPU.Build.0 = Release|Any CPU
		{E764C457-3A65-4837-9732-0C2BCDF33A3F}.Debug|Any CPU.ActiveCfg = Debug|Any CPU
		{E764C457-3A65-4837-9732-0C2BCDF33A3F}.Debug|Any CPU.Build.0 = Debug|Any CPU
		{E764C457-3A65-4837-9732-0C2BCDF33A3F}.Release|Any CPU.ActiveCfg = Release|Any CPU
		{E764C457-3A65-4837-9732-0C2BCDF33A3F}.Release|Any CPU.Build.0 = Release|Any CPU
		{9EEB3407-D47E-47BD-9DBC-EAB167D7F53D}.Debug|Any CPU.ActiveCfg = Debug|Any CPU
		{9EEB3407-D47E-47BD-9DBC-EAB167D7F53D}.Debug|Any CPU.Build.0 = Debug|Any CPU
		{9EEB3407-D47E-47BD-9DBC-EAB167D7F53D}.Release|Any CPU.ActiveCfg = Release|Any CPU
		{9EEB3407-D47E-47BD-9DBC-EAB167D7F53D}.Release|Any CPU.Build.0 = Release|Any CPU
		{D4B18985-BAB4-414F-B579-A333BBA9CD7A}.Debug|Any CPU.ActiveCfg = Debug|Any CPU
		{D4B18985-BAB4-414F-B579-A333BBA9CD7A}.Debug|Any CPU.Build.0 = Debug|Any CPU
		{D4B18985-BAB4-414F-B579-A333BBA9CD7A}.Release|Any CPU.ActiveCfg = Release|Any CPU
		{D4B18985-BAB4-414F-B579-A333BBA9CD7A}.Release|Any CPU.Build.0 = Release|Any CPU
		{303F0811-17A5-464B-B505-848A7D48807C}.Debug|Any CPU.ActiveCfg = Debug|Any CPU
		{303F0811-17A5-464B-B505-848A7D48807C}.Debug|Any CPU.Build.0 = Debug|Any CPU
		{303F0811-17A5-464B-B505-848A7D48807C}.Release|Any CPU.ActiveCfg = Release|Any CPU
		{303F0811-17A5-464B-B505-848A7D48807C}.Release|Any CPU.Build.0 = Release|Any CPU
		{0B1EE86D-801B-410A-A731-95A1C216610E}.Debug|Any CPU.ActiveCfg = Debug|Any CPU
		{0B1EE86D-801B-410A-A731-95A1C216610E}.Debug|Any CPU.Build.0 = Debug|Any CPU
		{0B1EE86D-801B-410A-A731-95A1C216610E}.Release|Any CPU.ActiveCfg = Release|Any CPU
		{0B1EE86D-801B-410A-A731-95A1C216610E}.Release|Any CPU.Build.0 = Release|Any CPU
	EndGlobalSection
	GlobalSection(SolutionProperties) = preSolution
		HideSolutionNode = FALSE
	EndGlobalSection
EndGlobal
