
Microsoft Visual Studio Solution File, Format Version 12.00
# Visual Studio 2012
Project("{FAE04EC0-301F-11D3-BF4B-00C04F79EFBC}") = "TCPClientSample", "TCPHelperSample\TCPClientSample.csproj", "{836A9C73-CD45-4DD5-ADF8-3AE76094E18F}"
EndProject
Project("{FAE04EC0-301F-11D3-BF4B-00C04F79EFBC}") = "TCPListenerSample", "TCPListenerSample\TCPListenerSample.csproj", "{2E7A9A7E-5761-49EC-A098-6CCF28B621EF}"
EndProject
Project("{FAE04EC0-301F-11D3-BF4B-00C04F79EFBC}") = "UPDClientSample", "UPDClientSample\UPDClientSample.csproj", "{CA167BB6-4EC1-40D2-9603-149669569899}"
EndProject
Project("{FAE04EC0-301F-11D3-BF4B-00C04F79EFBC}") = "UDPServerSample", "UDPServersameple\UDPServerSample.csproj", "{E8DA0B66-5966-4895-9159-A13476357DC5}"
EndProject
Global
	GlobalSection(SolutionConfigurationPlatforms) = preSolution
		Debug|Any CPU = Debug|Any CPU
		Release|Any CPU = Release|Any CPU
	EndGlobalSection
	GlobalSection(ProjectConfigurationPlatforms) = postSolution
		{836A9C73-CD45-4DD5-ADF8-3AE76094E18F}.Debug|Any CPU.ActiveCfg = Debug|Any CPU
		{836A9C73-CD45-4DD5-ADF8-3AE76094E18F}.Debug|Any CPU.Build.0 = Debug|Any CPU
		{836A9C73-CD45-4DD5-ADF8-3AE76094E18F}.Release|Any CPU.ActiveCfg = Release|Any CPU
		{836A9C73-CD45-4DD5-ADF8-3AE76094E18F}.Release|Any CPU.Build.0 = Release|Any CPU
		{2E7A9A7E-5761-49EC-A098-6CCF28B621EF}.Debug|Any CPU.ActiveCfg = Debug|Any CPU
		{2E7A9A7E-5761-49EC-A098-6CCF28B621EF}.Debug|Any CPU.Build.0 = Debug|Any CPU
		{2E7A9A7E-5761-49EC-A098-6CCF28B621EF}.Release|Any CPU.ActiveCfg = Release|Any CPU
		{2E7A9A7E-5761-49EC-A098-6CCF28B621EF}.Release|Any CPU.Build.0 = Release|Any CPU
		{CA167BB6-4EC1-40D2-9603-149669569899}.Debug|Any CPU.ActiveCfg = Debug|Any CPU
		{CA167BB6-4EC1-40D2-9603-149669569899}.Debug|Any CPU.Build.0 = Debug|Any CPU
		{CA167BB6-4EC1-40D2-9603-149669569899}.Release|Any CPU.ActiveCfg = Release|Any CPU
		{CA167BB6-4EC1-40D2-9603-149669569899}.Release|Any CPU.Build.0 = Release|Any CPU
		{E8DA0B66-5966-4895-9159-A13476357DC5}.Debug|Any CPU.ActiveCfg = Debug|Any CPU
		{E8DA0B66-5966-4895-9159-A13476357DC5}.Debug|Any CPU.Build.0 = Debug|Any CPU
		{E8DA0B66-5966-4895-9159-A13476357DC5}.Release|Any CPU.ActiveCfg = Release|Any CPU
		{E8DA0B66-5966-4895-9159-A13476357DC5}.Release|Any CPU.Build.0 = Release|Any CPU
	EndGlobalSection
	GlobalSection(SolutionProperties) = preSolution
		HideSolutionNode = FALSE
	EndGlobalSection
EndGlobal
