
Microsoft Visual Studio Solution File, Format Version 12.00
# Visual Studio 2012
Project("{A0786B88-2ADB-4C21-ABE8-AA2D79766269}") = "TestProject", "TestProject\TestProject.phpproj", "{8F76FDE4-289B-4D4A-AD9B-429192E94A1C}"
EndProject
Global
	GlobalSection(SolutionConfigurationPlatforms) = preSolution
		Debug|Any CPU = Debug|Any CPU
		Release|Any CPU = Release|Any CPU
	EndGlobalSection
	GlobalSection(ProjectConfigurationPlatforms) = postSolution
		{8F76FDE4-289B-4D4A-AD9B-429192E94A1C}.Debug|Any CPU.ActiveCfg = Debug|Any CPU
		{8F76FDE4-289B-4D4A-AD9B-429192E94A1C}.Debug|Any CPU.Build.0 = Debug|Any CPU
		{8F76FDE4-289B-4D4A-AD9B-429192E94A1C}.Release|Any CPU.ActiveCfg = Release|Any CPU
		{8F76FDE4-289B-4D4A-AD9B-429192E94A1C}.Release|Any CPU.Build.0 = Release|Any CPU
	EndGlobalSection
	GlobalSection(SolutionProperties) = preSolution
		HideSolutionNode = FALSE
	EndGlobalSection
EndGlobal
