
Microsoft Visual Studio Solution File, Format Version 12.00
# Visual Studio 2012
Project("{FAE04EC0-301F-11D3-BF4B-00C04F79EFBC}") = "ConsolBox", "ConsolBox\ConsolBox.csproj", "{B323001F-3B09-47EC-8821-DD13A012A2D0}"
EndProject
Project("{FAE04EC0-301F-11D3-BF4B-00C04F79EFBC}") = "ConsoleBoxFileWatcher", "ConsoleBoxFileWatcher\ConsoleBoxFileWatcher.csproj", "{42070756-C758-4C3D-B3DD-BDD8F791A8B6}"
EndProject
Project("{FAE04EC0-301F-11D3-BF4B-00C04F79EFBC}") = "ConsoleBoxLogger", "ConsoleBoxLogger\ConsoleBoxLogger.csproj", "{952E2D69-0DA5-47C5-81D8-909AFEED342D}"
EndProject
Project("{FAE04EC0-301F-11D3-BF4B-00C04F79EFBC}") = "ConsoleBoxConfigLoader", "ConsoleBoxConfigLoader\ConsoleBoxConfigLoader.csproj", "{9AACA6EC-7BDE-4142-AE15-024232AC10FF}"
EndProject
Global
	GlobalSection(SolutionConfigurationPlatforms) = preSolution
		Debug|Any CPU = Debug|Any CPU
		Release|Any CPU = Release|Any CPU
	EndGlobalSection
	GlobalSection(ProjectConfigurationPlatforms) = postSolution
		{B323001F-3B09-47EC-8821-DD13A012A2D0}.Debug|Any CPU.ActiveCfg = Debug|Any CPU
		{B323001F-3B09-47EC-8821-DD13A012A2D0}.Debug|Any CPU.Build.0 = Debug|Any CPU
		{B323001F-3B09-47EC-8821-DD13A012A2D0}.Release|Any CPU.ActiveCfg = Release|Any CPU
		{B323001F-3B09-47EC-8821-DD13A012A2D0}.Release|Any CPU.Build.0 = Release|Any CPU
		{42070756-C758-4C3D-B3DD-BDD8F791A8B6}.Debug|Any CPU.ActiveCfg = Debug|Any CPU
		{42070756-C758-4C3D-B3DD-BDD8F791A8B6}.Debug|Any CPU.Build.0 = Debug|Any CPU
		{42070756-C758-4C3D-B3DD-BDD8F791A8B6}.Release|Any CPU.ActiveCfg = Release|Any CPU
		{42070756-C758-4C3D-B3DD-BDD8F791A8B6}.Release|Any CPU.Build.0 = Release|Any CPU
		{952E2D69-0DA5-47C5-81D8-909AFEED342D}.Debug|Any CPU.ActiveCfg = Debug|Any CPU
		{952E2D69-0DA5-47C5-81D8-909AFEED342D}.Debug|Any CPU.Build.0 = Debug|Any CPU
		{952E2D69-0DA5-47C5-81D8-909AFEED342D}.Release|Any CPU.ActiveCfg = Release|Any CPU
		{952E2D69-0DA5-47C5-81D8-909AFEED342D}.Release|Any CPU.Build.0 = Release|Any CPU
		{9AACA6EC-7BDE-4142-AE15-024232AC10FF}.Debug|Any CPU.ActiveCfg = Debug|Any CPU
		{9AACA6EC-7BDE-4142-AE15-024232AC10FF}.Debug|Any CPU.Build.0 = Debug|Any CPU
		{9AACA6EC-7BDE-4142-AE15-024232AC10FF}.Release|Any CPU.ActiveCfg = Release|Any CPU
		{9AACA6EC-7BDE-4142-AE15-024232AC10FF}.Release|Any CPU.Build.0 = Release|Any CPU
	EndGlobalSection
	GlobalSection(SolutionProperties) = preSolution
		HideSolutionNode = FALSE
	EndGlobalSection
EndGlobal
