
Microsoft Visual Studio Solution File, Format Version 12.00
# Visual Studio 2012
Project("{FAE04EC0-301F-11D3-BF4B-00C04F79EFBC}") = "QueueSample", "QueueSample\QueueSample.csproj", "{ADBD3D14-7ABC-4448-B429-75F00DD5F10E}"
EndProject
Project("{FAE04EC0-301F-11D3-BF4B-00C04F79EFBC}") = "StackSample", "StackSample\StackSample.csproj", "{58BB5098-A604-4EC6-95E4-876F5F899082}"
EndProject
Project("{FAE04EC0-301F-11D3-BF4B-00C04F79EFBC}") = "QueueSample.Test", "QueueSample.Test\QueueSample.Test.csproj", "{43AD4387-C588-4E27-8B7D-1A335F807612}"
EndProject
Project("{FAE04EC0-301F-11D3-BF4B-00C04F79EFBC}") = "RecursionSample", "RecursionSample\RecursionSample.csproj", "{2A7DFABA-8AFD-4DD2-B6E0-91474F6A61D1}"
EndProject
Project("{FAE04EC0-301F-11D3-BF4B-00C04F79EFBC}") = "RecursionSample.Test", "RecursionSample.Test\RecursionSample.Test.csproj", "{16FEB708-5ABA-4BB4-97A3-C860D201BE1F}"
EndProject
Project("{FAE04EC0-301F-11D3-BF4B-00C04F79EFBC}") = "StackSample.Test", "StackSample.Test\StackSample.Test.csproj", "{228361EF-9000-429C-BCDA-3FB2FDDCD7A7}"
EndProject
Global
	GlobalSection(SolutionConfigurationPlatforms) = preSolution
		Debug|Any CPU = Debug|Any CPU
		Release|Any CPU = Release|Any CPU
	EndGlobalSection
	GlobalSection(ProjectConfigurationPlatforms) = postSolution
		{ADBD3D14-7ABC-4448-B429-75F00DD5F10E}.Debug|Any CPU.ActiveCfg = Debug|Any CPU
		{ADBD3D14-7ABC-4448-B429-75F00DD5F10E}.Debug|Any CPU.Build.0 = Debug|Any CPU
		{ADBD3D14-7ABC-4448-B429-75F00DD5F10E}.Release|Any CPU.ActiveCfg = Release|Any CPU
		{ADBD3D14-7ABC-4448-B429-75F00DD5F10E}.Release|Any CPU.Build.0 = Release|Any CPU
		{58BB5098-A604-4EC6-95E4-876F5F899082}.Debug|Any CPU.ActiveCfg = Debug|Any CPU
		{58BB5098-A604-4EC6-95E4-876F5F899082}.Debug|Any CPU.Build.0 = Debug|Any CPU
		{58BB5098-A604-4EC6-95E4-876F5F899082}.Release|Any CPU.ActiveCfg = Release|Any CPU
		{58BB5098-A604-4EC6-95E4-876F5F899082}.Release|Any CPU.Build.0 = Release|Any CPU
		{43AD4387-C588-4E27-8B7D-1A335F807612}.Debug|Any CPU.ActiveCfg = Debug|Any CPU
		{43AD4387-C588-4E27-8B7D-1A335F807612}.Debug|Any CPU.Build.0 = Debug|Any CPU
		{43AD4387-C588-4E27-8B7D-1A335F807612}.Release|Any CPU.ActiveCfg = Release|Any CPU
		{43AD4387-C588-4E27-8B7D-1A335F807612}.Release|Any CPU.Build.0 = Release|Any CPU
		{2A7DFABA-8AFD-4DD2-B6E0-91474F6A61D1}.Debug|Any CPU.ActiveCfg = Debug|Any CPU
		{2A7DFABA-8AFD-4DD2-B6E0-91474F6A61D1}.Debug|Any CPU.Build.0 = Debug|Any CPU
		{2A7DFABA-8AFD-4DD2-B6E0-91474F6A61D1}.Release|Any CPU.ActiveCfg = Release|Any CPU
		{2A7DFABA-8AFD-4DD2-B6E0-91474F6A61D1}.Release|Any CPU.Build.0 = Release|Any CPU
		{16FEB708-5ABA-4BB4-97A3-C860D201BE1F}.Debug|Any CPU.ActiveCfg = Debug|Any CPU
		{16FEB708-5ABA-4BB4-97A3-C860D201BE1F}.Debug|Any CPU.Build.0 = Debug|Any CPU
		{16FEB708-5ABA-4BB4-97A3-C860D201BE1F}.Release|Any CPU.ActiveCfg = Release|Any CPU
		{16FEB708-5ABA-4BB4-97A3-C860D201BE1F}.Release|Any CPU.Build.0 = Release|Any CPU
		{228361EF-9000-429C-BCDA-3FB2FDDCD7A7}.Debug|Any CPU.ActiveCfg = Debug|Any CPU
		{228361EF-9000-429C-BCDA-3FB2FDDCD7A7}.Debug|Any CPU.Build.0 = Debug|Any CPU
		{228361EF-9000-429C-BCDA-3FB2FDDCD7A7}.Release|Any CPU.ActiveCfg = Release|Any CPU
		{228361EF-9000-429C-BCDA-3FB2FDDCD7A7}.Release|Any CPU.Build.0 = Release|Any CPU
	EndGlobalSection
	GlobalSection(SolutionProperties) = preSolution
		HideSolutionNode = FALSE
	EndGlobalSection
EndGlobal
