
Microsoft Visual Studio Solution File, Format Version 12.00
# Visual Studio 2013
VisualStudioVersion = 12.0.21005.1
MinimumVisualStudioVersion = 10.0.40219.1
Project("{FAE04EC0-301F-11D3-BF4B-00C04F79EFBC}") = "MarketPlaceService", "MarketPlaceService\MarketPlaceService.csproj", "{875E4A85-77D0-4498-9B37-C032D97F9657}"
EndProject
Project("{FAE04EC0-301F-11D3-BF4B-00C04F79EFBC}") = "AwsConsoleApp1", "AwsConsoleApp1\AwsConsoleApp1.csproj", "{2ECCA326-DA2E-4B3E-8152-459FF716B7FC}"
EndProject
Project("{FAE04EC0-301F-11D3-BF4B-00C04F79EFBC}") = "MarketPlaceServiceTests", "MarketPlaceServiceTests\MarketPlaceServiceTests.csproj", "{AB9BE243-C301-4F45-B199-DC65C6155353}"
EndProject
Project("{FAE04EC0-301F-11D3-BF4B-00C04F79EFBC}") = "MarketPlaceClient", "MarketPlaceClient\MarketPlaceClient.csproj", "{5BF59EC8-EB0D-4797-8BCE-2E353E4CCFBC}"
	ProjectSection(ProjectDependencies) = postProject
		{875E4A85-77D0-4498-9B37-C032D97F9657} = {875E4A85-77D0-4498-9B37-C032D97F9657}
	EndProjectSection
EndProject
Project("{FAE04EC0-301F-11D3-BF4B-00C04F79EFBC}") = "CustomListItem", "CustomListItem\CustomListItem.csproj", "{F1F328B3-610B-496D-9047-5BB9E9D2E084}"
EndProject
Project("{FAE04EC0-301F-11D3-BF4B-00C04F79EFBC}") = "CommonModel", "CommonModel\CommonModel.csproj", "{46831A0B-9373-4CA1-85BB-CB0D406CBAE7}"
EndProject
Global
	GlobalSection(TeamFoundationVersionControl) = preSolution
		SccNumberOfProjects = 7
		SccEnterpriseProvider = {4CA58AB2-18FA-4F8D-95D4-32DDF27D184C}
		SccTeamFoundationServer = https://apopovic.visualstudio.com/defaultcollection
		SccLocalPath0 = .
		SccProjectUniqueName1 = MarketPlaceService\\MarketPlaceService.csproj
		SccProjectName1 = MarketPlaceService
		SccLocalPath1 = MarketPlaceService
		SccProjectUniqueName2 = AwsConsoleApp1\\AwsConsoleApp1.csproj
		SccProjectName2 = AwsConsoleApp1
		SccLocalPath2 = AwsConsoleApp1
		SccProjectUniqueName3 = MarketPlaceServiceTests\\MarketPlaceServiceTests.csproj
		SccProjectName3 = MarketPlaceServiceTests
		SccLocalPath3 = MarketPlaceServiceTests
		SccProjectUniqueName4 = MarketPlaceClient\\MarketPlaceClient.csproj
		SccProjectName4 = MarketPlaceClient
		SccLocalPath4 = MarketPlaceClient
		SccProjectUniqueName5 = CustomListItem\\CustomListItem.csproj
		SccProjectName5 = CustomListItem
		SccLocalPath5 = CustomListItem
		SccProjectUniqueName6 = CommonModel\\CommonModel.csproj
		SccProjectName6 = CommonModel
		SccLocalPath6 = CommonModel
	EndGlobalSection
	GlobalSection(SolutionConfigurationPlatforms) = preSolution
		Debug|Any CPU = Debug|Any CPU
		Release|Any CPU = Release|Any CPU
	EndGlobalSection
	GlobalSection(ProjectConfigurationPlatforms) = postSolution
		{875E4A85-77D0-4498-9B37-C032D97F9657}.Debug|Any CPU.ActiveCfg = Debug|Any CPU
		{875E4A85-77D0-4498-9B37-C032D97F9657}.Debug|Any CPU.Build.0 = Debug|Any CPU
		{875E4A85-77D0-4498-9B37-C032D97F9657}.Release|Any CPU.ActiveCfg = Release|Any CPU
		{875E4A85-77D0-4498-9B37-C032D97F9657}.Release|Any CPU.Build.0 = Release|Any CPU
		{2ECCA326-DA2E-4B3E-8152-459FF716B7FC}.Debug|Any CPU.ActiveCfg = Debug|Any CPU
		{2ECCA326-DA2E-4B3E-8152-459FF716B7FC}.Debug|Any CPU.Build.0 = Debug|Any CPU
		{2ECCA326-DA2E-4B3E-8152-459FF716B7FC}.Release|Any CPU.ActiveCfg = Release|Any CPU
		{2ECCA326-DA2E-4B3E-8152-459FF716B7FC}.Release|Any CPU.Build.0 = Release|Any CPU
		{AB9BE243-C301-4F45-B199-DC65C6155353}.Debug|Any CPU.ActiveCfg = Debug|Any CPU
		{AB9BE243-C301-4F45-B199-DC65C6155353}.Debug|Any CPU.Build.0 = Debug|Any CPU
		{AB9BE243-C301-4F45-B199-DC65C6155353}.Release|Any CPU.ActiveCfg = Release|Any CPU
		{AB9BE243-C301-4F45-B199-DC65C6155353}.Release|Any CPU.Build.0 = Release|Any CPU
		{5BF59EC8-EB0D-4797-8BCE-2E353E4CCFBC}.Debug|Any CPU.ActiveCfg = Debug|Any CPU
		{5BF59EC8-EB0D-4797-8BCE-2E353E4CCFBC}.Debug|Any CPU.Build.0 = Debug|Any CPU
		{5BF59EC8-EB0D-4797-8BCE-2E353E4CCFBC}.Release|Any CPU.ActiveCfg = Release|Any CPU
		{5BF59EC8-EB0D-4797-8BCE-2E353E4CCFBC}.Release|Any CPU.Build.0 = Release|Any CPU
		{F1F328B3-610B-496D-9047-5BB9E9D2E084}.Debug|Any CPU.ActiveCfg = Debug|Any CPU
		{F1F328B3-610B-496D-9047-5BB9E9D2E084}.Debug|Any CPU.Build.0 = Debug|Any CPU
		{F1F328B3-610B-496D-9047-5BB9E9D2E084}.Release|Any CPU.ActiveCfg = Release|Any CPU
		{F1F328B3-610B-496D-9047-5BB9E9D2E084}.Release|Any CPU.Build.0 = Release|Any CPU
		{46831A0B-9373-4CA1-85BB-CB0D406CBAE7}.Debug|Any CPU.ActiveCfg = Debug|Any CPU
		{46831A0B-9373-4CA1-85BB-CB0D406CBAE7}.Debug|Any CPU.Build.0 = Debug|Any CPU
		{46831A0B-9373-4CA1-85BB-CB0D406CBAE7}.Release|Any CPU.ActiveCfg = Release|Any CPU
		{46831A0B-9373-4CA1-85BB-CB0D406CBAE7}.Release|Any CPU.Build.0 = Release|Any CPU
	EndGlobalSection
	GlobalSection(SolutionProperties) = preSolution
		HideSolutionNode = FALSE
	EndGlobalSection
EndGlobal
