
Microsoft Visual Studio Solution File, Format Version 12.00
# Visual Studio 2012
Project("{FAE04EC0-301F-11D3-BF4B-00C04F79EFBC}") = "BspAVL", "BspAVL\BspAVL.csproj", "{9B048A87-3BF9-4D07-B74D-66069A1246B5}"
EndProject
Project("{FAE04EC0-301F-11D3-BF4B-00C04F79EFBC}") = "BspAVLTests", "BspAVLTests\BspAVLTests.csproj", "{B9816677-66A2-43EA-8940-90F5C05654DB}"
EndProject
Global
	GlobalSection(SolutionConfigurationPlatforms) = preSolution
		Debug|Any CPU = Debug|Any CPU
		Release|Any CPU = Release|Any CPU
	EndGlobalSection
	GlobalSection(ProjectConfigurationPlatforms) = postSolution
		{9B048A87-3BF9-4D07-B74D-66069A1246B5}.Debug|Any CPU.ActiveCfg = Debug|Any CPU
		{9B048A87-3BF9-4D07-B74D-66069A1246B5}.Debug|Any CPU.Build.0 = Debug|Any CPU
		{9B048A87-3BF9-4D07-B74D-66069A1246B5}.Release|Any CPU.ActiveCfg = Release|Any CPU
		{9B048A87-3BF9-4D07-B74D-66069A1246B5}.Release|Any CPU.Build.0 = Release|Any CPU
		{B9816677-66A2-43EA-8940-90F5C05654DB}.Debug|Any CPU.ActiveCfg = Debug|Any CPU
		{B9816677-66A2-43EA-8940-90F5C05654DB}.Debug|Any CPU.Build.0 = Debug|Any CPU
		{B9816677-66A2-43EA-8940-90F5C05654DB}.Release|Any CPU.ActiveCfg = Release|Any CPU
		{B9816677-66A2-43EA-8940-90F5C05654DB}.Release|Any CPU.Build.0 = Release|Any CPU
	EndGlobalSection
	GlobalSection(SolutionProperties) = preSolution
		HideSolutionNode = FALSE
	EndGlobalSection
EndGlobal
