
Microsoft Visual Studio Solution File, Format Version 11.00
# Visual Studio 2010
Project("{FAE04EC0-301F-11D3-BF4B-00C04F79EFBC}") = "FileComparer", "FileComparer\FileComparer.csproj", "{E3B981F1-8640-4D46-B0FF-CA9E8D2C8F9D}"
EndProject
Global
	GlobalSection(SolutionConfigurationPlatforms) = preSolution
		Debug|x86 = Debug|x86
		Release|x86 = Release|x86
	EndGlobalSection
	GlobalSection(ProjectConfigurationPlatforms) = postSolution
		{E3B981F1-8640-4D46-B0FF-CA9E8D2C8F9D}.Debug|x86.ActiveCfg = Debug|x86
		{E3B981F1-8640-4D46-B0FF-CA9E8D2C8F9D}.Debug|x86.Build.0 = Debug|x86
		{E3B981F1-8640-4D46-B0FF-CA9E8D2C8F9D}.Release|x86.ActiveCfg = Release|x86
		{E3B981F1-8640-4D46-B0FF-CA9E8D2C8F9D}.Release|x86.Build.0 = Release|x86
	EndGlobalSection
	GlobalSection(SolutionProperties) = preSolution
		HideSolutionNode = FALSE
	EndGlobalSection
EndGlobal
