
Microsoft Visual Studio Solution File, Format Version 12.00
# Visual Studio 2012
Project("{2150E333-8FDC-42A3-9474-1A3956D46DE8}") = "Solution Items", "Solution Items", "{6D04B894-4B50-420F-BFB8-D4E29995332A}"
EndProject
Project("{FAE04EC0-301F-11D3-BF4B-00C04F79EFBC}") = "Stack", "Stack\Stack.csproj", "{E42AC485-C6BA-4C53-920C-1957E4141D90}"
EndProject
Project("{FAE04EC0-301F-11D3-BF4B-00C04F79EFBC}") = "Queue", "QueueClass\Queue.csproj", "{97C9D97B-5B8B-49FC-94E2-DBB96246B90B}"
EndProject
Project("{FAE04EC0-301F-11D3-BF4B-00C04F79EFBC}") = "StackUnitTest", "StackUnitTest\StackUnitTest.csproj", "{5E99A039-B90D-477C-B59D-8F62F723743F}"
EndProject
Project("{FAE04EC0-301F-11D3-BF4B-00C04F79EFBC}") = "QueueUnitTest", "QueueUnitTest\QueueUnitTest.csproj", "{6392063D-AF58-4A10-83AE-95ED9CE73009}"
EndProject
Global
	GlobalSection(SolutionConfigurationPlatforms) = preSolution
		Debug|Any CPU = Debug|Any CPU
		Release|Any CPU = Release|Any CPU
	EndGlobalSection
	GlobalSection(ProjectConfigurationPlatforms) = postSolution
		{E42AC485-C6BA-4C53-920C-1957E4141D90}.Debug|Any CPU.ActiveCfg = Debug|Any CPU
		{E42AC485-C6BA-4C53-920C-1957E4141D90}.Debug|Any CPU.Build.0 = Debug|Any CPU
		{E42AC485-C6BA-4C53-920C-1957E4141D90}.Release|Any CPU.ActiveCfg = Release|Any CPU
		{E42AC485-C6BA-4C53-920C-1957E4141D90}.Release|Any CPU.Build.0 = Release|Any CPU
		{97C9D97B-5B8B-49FC-94E2-DBB96246B90B}.Debug|Any CPU.ActiveCfg = Debug|Any CPU
		{97C9D97B-5B8B-49FC-94E2-DBB96246B90B}.Debug|Any CPU.Build.0 = Debug|Any CPU
		{97C9D97B-5B8B-49FC-94E2-DBB96246B90B}.Release|Any CPU.ActiveCfg = Release|Any CPU
		{97C9D97B-5B8B-49FC-94E2-DBB96246B90B}.Release|Any CPU.Build.0 = Release|Any CPU
		{5E99A039-B90D-477C-B59D-8F62F723743F}.Debug|Any CPU.ActiveCfg = Debug|Any CPU
		{5E99A039-B90D-477C-B59D-8F62F723743F}.Debug|Any CPU.Build.0 = Debug|Any CPU
		{5E99A039-B90D-477C-B59D-8F62F723743F}.Release|Any CPU.ActiveCfg = Release|Any CPU
		{5E99A039-B90D-477C-B59D-8F62F723743F}.Release|Any CPU.Build.0 = Release|Any CPU
		{6392063D-AF58-4A10-83AE-95ED9CE73009}.Debug|Any CPU.ActiveCfg = Debug|Any CPU
		{6392063D-AF58-4A10-83AE-95ED9CE73009}.Debug|Any CPU.Build.0 = Debug|Any CPU
		{6392063D-AF58-4A10-83AE-95ED9CE73009}.Release|Any CPU.ActiveCfg = Release|Any CPU
		{6392063D-AF58-4A10-83AE-95ED9CE73009}.Release|Any CPU.Build.0 = Release|Any CPU
	EndGlobalSection
	GlobalSection(SolutionProperties) = preSolution
		HideSolutionNode = FALSE
	EndGlobalSection
EndGlobal
