
Microsoft Visual Studio Solution File, Format Version 12.00
# Visual Studio 2013
VisualStudioVersion = 12.0.21005.1
MinimumVisualStudioVersion = 10.0.40219.1
Project("{FAE04EC0-301F-11D3-BF4B-00C04F79EFBC}") = "AVLTree", "AVLTree\AVLTree.csproj", "{57CFAC87-1176-4AD3-A6D9-39848CC7FDBE}"
EndProject
Project("{FAE04EC0-301F-11D3-BF4B-00C04F79EFBC}") = "AVLTree.Test", "AVLTree.Test\AVLTree.Test.csproj", "{3E53F5E9-841F-4D46-B0C5-F2F0B00DC6B0}"
EndProject
Project("{FAE04EC0-301F-11D3-BF4B-00C04F79EFBC}") = "SortHelper", "..\02_TestBench\SortHelper\SortHelper.csproj", "{FD9BFA90-6523-46AB-ABA6-679B3478A76B}"
EndProject
Project("{FAE04EC0-301F-11D3-BF4B-00C04F79EFBC}") = "BinaryTree", "BinaryTree\BinaryTree.csproj", "{0C258DF9-4651-4316-90D0-31E4F5C7C47A}"
EndProject
Project("{FAE04EC0-301F-11D3-BF4B-00C04F79EFBC}") = "BinaryTree.Test", "BinaryTree.Test\BinaryTree.Test.csproj", "{7CF9BDC6-25FC-4DAC-BD07-EC1EF0D6D0B2}"
EndProject
Global
	GlobalSection(SolutionConfigurationPlatforms) = preSolution
		Debug|Any CPU = Debug|Any CPU
		Release|Any CPU = Release|Any CPU
	EndGlobalSection
	GlobalSection(ProjectConfigurationPlatforms) = postSolution
		{57CFAC87-1176-4AD3-A6D9-39848CC7FDBE}.Debug|Any CPU.ActiveCfg = Debug|Any CPU
		{57CFAC87-1176-4AD3-A6D9-39848CC7FDBE}.Debug|Any CPU.Build.0 = Debug|Any CPU
		{57CFAC87-1176-4AD3-A6D9-39848CC7FDBE}.Release|Any CPU.ActiveCfg = Release|Any CPU
		{57CFAC87-1176-4AD3-A6D9-39848CC7FDBE}.Release|Any CPU.Build.0 = Release|Any CPU
		{3E53F5E9-841F-4D46-B0C5-F2F0B00DC6B0}.Debug|Any CPU.ActiveCfg = Debug|Any CPU
		{3E53F5E9-841F-4D46-B0C5-F2F0B00DC6B0}.Debug|Any CPU.Build.0 = Debug|Any CPU
		{3E53F5E9-841F-4D46-B0C5-F2F0B00DC6B0}.Release|Any CPU.ActiveCfg = Release|Any CPU
		{3E53F5E9-841F-4D46-B0C5-F2F0B00DC6B0}.Release|Any CPU.Build.0 = Release|Any CPU
		{FD9BFA90-6523-46AB-ABA6-679B3478A76B}.Debug|Any CPU.ActiveCfg = Debug|Any CPU
		{FD9BFA90-6523-46AB-ABA6-679B3478A76B}.Debug|Any CPU.Build.0 = Debug|Any CPU
		{FD9BFA90-6523-46AB-ABA6-679B3478A76B}.Release|Any CPU.ActiveCfg = Release|Any CPU
		{FD9BFA90-6523-46AB-ABA6-679B3478A76B}.Release|Any CPU.Build.0 = Release|Any CPU
		{0C258DF9-4651-4316-90D0-31E4F5C7C47A}.Debug|Any CPU.ActiveCfg = Debug|Any CPU
		{0C258DF9-4651-4316-90D0-31E4F5C7C47A}.Debug|Any CPU.Build.0 = Debug|Any CPU
		{0C258DF9-4651-4316-90D0-31E4F5C7C47A}.Release|Any CPU.ActiveCfg = Release|Any CPU
		{0C258DF9-4651-4316-90D0-31E4F5C7C47A}.Release|Any CPU.Build.0 = Release|Any CPU
		{7CF9BDC6-25FC-4DAC-BD07-EC1EF0D6D0B2}.Debug|Any CPU.ActiveCfg = Debug|Any CPU
		{7CF9BDC6-25FC-4DAC-BD07-EC1EF0D6D0B2}.Debug|Any CPU.Build.0 = Debug|Any CPU
		{7CF9BDC6-25FC-4DAC-BD07-EC1EF0D6D0B2}.Release|Any CPU.ActiveCfg = Release|Any CPU
		{7CF9BDC6-25FC-4DAC-BD07-EC1EF0D6D0B2}.Release|Any CPU.Build.0 = Release|Any CPU
	EndGlobalSection
	GlobalSection(SolutionProperties) = preSolution
		HideSolutionNode = FALSE
	EndGlobalSection
EndGlobal
