
Microsoft Visual Studio Solution File, Format Version 12.00
# Visual Studio 2012
Project("{FAE04EC0-301F-11D3-BF4B-00C04F79EFBC}") = "Bsp3a", "Bsp3a\Bsp3a.csproj", "{52842169-D860-4391-898A-A96ECD49239A}"
EndProject
Project("{FAE04EC0-301F-11D3-BF4B-00C04F79EFBC}") = "Bsp3b", "Bsp3b\Bsp3b.csproj", "{58E480FB-011E-4D7F-9103-5A050FD1061D}"
EndProject
Global
	GlobalSection(SolutionConfigurationPlatforms) = preSolution
		Debug|Any CPU = Debug|Any CPU
		Release|Any CPU = Release|Any CPU
	EndGlobalSection
	GlobalSection(ProjectConfigurationPlatforms) = postSolution
		{52842169-D860-4391-898A-A96ECD49239A}.Debug|Any CPU.ActiveCfg = Debug|Any CPU
		{52842169-D860-4391-898A-A96ECD49239A}.Debug|Any CPU.Build.0 = Debug|Any CPU
		{52842169-D860-4391-898A-A96ECD49239A}.Release|Any CPU.ActiveCfg = Release|Any CPU
		{52842169-D860-4391-898A-A96ECD49239A}.Release|Any CPU.Build.0 = Release|Any CPU
		{58E480FB-011E-4D7F-9103-5A050FD1061D}.Debug|Any CPU.ActiveCfg = Debug|Any CPU
		{58E480FB-011E-4D7F-9103-5A050FD1061D}.Debug|Any CPU.Build.0 = Debug|Any CPU
		{58E480FB-011E-4D7F-9103-5A050FD1061D}.Release|Any CPU.ActiveCfg = Release|Any CPU
		{58E480FB-011E-4D7F-9103-5A050FD1061D}.Release|Any CPU.Build.0 = Release|Any CPU
	EndGlobalSection
	GlobalSection(SolutionProperties) = preSolution
		HideSolutionNode = FALSE
	EndGlobalSection
EndGlobal
