
Microsoft Visual Studio Solution File, Format Version 12.00
# Visual Studio 2013
VisualStudioVersion = 12.0.30324.0
MinimumVisualStudioVersion = 10.0.40219.1
Project("{2150E333-8FDC-42A3-9474-1A3956D46DE8}") = "Car2CarWifiDirectPrototype", "Car2CarWifiDirectPrototype", "{921416E1-5FA6-48C4-B384-A06CD52FB4E5}"
EndProject
Project("{D954291E-2A0B-460D-934E-DC6B0785DB48}") = "Car2CarWifiDirectPrototype.Shared", "Car2CarWifiDirectPrototype\Car2CarWifiDirectPrototype.Shared\Car2CarWifiDirectPrototype.Shared.shproj", "{45BA7B81-DC00-449B-ADBE-C5B815B8FD18}"
EndProject
Project("{FAE04EC0-301F-11D3-BF4B-00C04F79EFBC}") = "Car2CarWifiDirectPrototype.Windows", "Car2CarWifiDirectPrototype\Car2CarWifiDirectPrototype.Windows\Car2CarWifiDirectPrototype.Windows.csproj", "{19850916-7E27-4295-8504-64C5D59677EF}"
EndProject
Project("{FAE04EC0-301F-11D3-BF4B-00C04F79EFBC}") = "Car2CarWifiDirectPrototype.WindowsPhone", "Car2CarWifiDirectPrototype\Car2CarWifiDirectPrototype.WindowsPhone\Car2CarWifiDirectPrototype.WindowsPhone.csproj", "{7DBD8B61-9C26-4FB1-B294-B847F09E989D}"
EndProject
Global
	GlobalSection(SharedMSBuildProjectFiles) = preSolution
		Car2CarWifiDirectPrototype\Car2CarWifiDirectPrototype.Shared\Car2CarWifiDirectPrototype.Shared.projitems*{19850916-7e27-4295-8504-64c5d59677ef}*SharedItemsImports = 4
		Car2CarWifiDirectPrototype\Car2CarWifiDirectPrototype.Shared\Car2CarWifiDirectPrototype.Shared.projitems*{7dbd8b61-9c26-4fb1-b294-b847f09e989d}*SharedItemsImports = 4
		Car2CarWifiDirectPrototype\Car2CarWifiDirectPrototype.Shared\Car2CarWifiDirectPrototype.Shared.projitems*{45ba7b81-dc00-449b-adbe-c5b815b8fd18}*SharedItemsImports = 13
	EndGlobalSection
	GlobalSection(SolutionConfigurationPlatforms) = preSolution
		Debug|Any CPU = Debug|Any CPU
		Debug|ARM = Debug|ARM
		Debug|x64 = Debug|x64
		Debug|x86 = Debug|x86
		Release|Any CPU = Release|Any CPU
		Release|ARM = Release|ARM
		Release|x64 = Release|x64
		Release|x86 = Release|x86
	EndGlobalSection
	GlobalSection(ProjectConfigurationPlatforms) = postSolution
		{19850916-7E27-4295-8504-64C5D59677EF}.Debug|Any CPU.ActiveCfg = Debug|Any CPU
		{19850916-7E27-4295-8504-64C5D59677EF}.Debug|Any CPU.Build.0 = Debug|Any CPU
		{19850916-7E27-4295-8504-64C5D59677EF}.Debug|Any CPU.Deploy.0 = Debug|Any CPU
		{19850916-7E27-4295-8504-64C5D59677EF}.Debug|ARM.ActiveCfg = Debug|ARM
		{19850916-7E27-4295-8504-64C5D59677EF}.Debug|ARM.Build.0 = Debug|ARM
		{19850916-7E27-4295-8504-64C5D59677EF}.Debug|ARM.Deploy.0 = Debug|ARM
		{19850916-7E27-4295-8504-64C5D59677EF}.Debug|x64.ActiveCfg = Debug|x64
		{19850916-7E27-4295-8504-64C5D59677EF}.Debug|x64.Build.0 = Debug|x64
		{19850916-7E27-4295-8504-64C5D59677EF}.Debug|x64.Deploy.0 = Debug|x64
		{19850916-7E27-4295-8504-64C5D59677EF}.Debug|x86.ActiveCfg = Debug|x86
		{19850916-7E27-4295-8504-64C5D59677EF}.Debug|x86.Build.0 = Debug|x86
		{19850916-7E27-4295-8504-64C5D59677EF}.Debug|x86.Deploy.0 = Debug|x86
		{19850916-7E27-4295-8504-64C5D59677EF}.Release|Any CPU.ActiveCfg = Release|Any CPU
		{19850916-7E27-4295-8504-64C5D59677EF}.Release|Any CPU.Build.0 = Release|Any CPU
		{19850916-7E27-4295-8504-64C5D59677EF}.Release|Any CPU.Deploy.0 = Release|Any CPU
		{19850916-7E27-4295-8504-64C5D59677EF}.Release|ARM.ActiveCfg = Release|ARM
		{19850916-7E27-4295-8504-64C5D59677EF}.Release|ARM.Build.0 = Release|ARM
		{19850916-7E27-4295-8504-64C5D59677EF}.Release|ARM.Deploy.0 = Release|ARM
		{19850916-7E27-4295-8504-64C5D59677EF}.Release|x64.ActiveCfg = Release|x64
		{19850916-7E27-4295-8504-64C5D59677EF}.Release|x64.Build.0 = Release|x64
		{19850916-7E27-4295-8504-64C5D59677EF}.Release|x64.Deploy.0 = Release|x64
		{19850916-7E27-4295-8504-64C5D59677EF}.Release|x86.ActiveCfg = Release|x86
		{19850916-7E27-4295-8504-64C5D59677EF}.Release|x86.Build.0 = Release|x86
		{19850916-7E27-4295-8504-64C5D59677EF}.Release|x86.Deploy.0 = Release|x86
		{7DBD8B61-9C26-4FB1-B294-B847F09E989D}.Debug|Any CPU.ActiveCfg = Debug|Any CPU
		{7DBD8B61-9C26-4FB1-B294-B847F09E989D}.Debug|Any CPU.Build.0 = Debug|Any CPU
		{7DBD8B61-9C26-4FB1-B294-B847F09E989D}.Debug|Any CPU.Deploy.0 = Debug|Any CPU
		{7DBD8B61-9C26-4FB1-B294-B847F09E989D}.Debug|ARM.ActiveCfg = Debug|ARM
		{7DBD8B61-9C26-4FB1-B294-B847F09E989D}.Debug|ARM.Build.0 = Debug|ARM
		{7DBD8B61-9C26-4FB1-B294-B847F09E989D}.Debug|ARM.Deploy.0 = Debug|ARM
		{7DBD8B61-9C26-4FB1-B294-B847F09E989D}.Debug|x64.ActiveCfg = Debug|Any CPU
		{7DBD8B61-9C26-4FB1-B294-B847F09E989D}.Debug|x86.ActiveCfg = Debug|x86
		{7DBD8B61-9C26-4FB1-B294-B847F09E989D}.Debug|x86.Build.0 = Debug|x86
		{7DBD8B61-9C26-4FB1-B294-B847F09E989D}.Debug|x86.Deploy.0 = Debug|x86
		{7DBD8B61-9C26-4FB1-B294-B847F09E989D}.Release|Any CPU.ActiveCfg = Release|Any CPU
		{7DBD8B61-9C26-4FB1-B294-B847F09E989D}.Release|Any CPU.Build.0 = Release|Any CPU
		{7DBD8B61-9C26-4FB1-B294-B847F09E989D}.Release|Any CPU.Deploy.0 = Release|Any CPU
		{7DBD8B61-9C26-4FB1-B294-B847F09E989D}.Release|ARM.ActiveCfg = Release|ARM
		{7DBD8B61-9C26-4FB1-B294-B847F09E989D}.Release|ARM.Build.0 = Release|ARM
		{7DBD8B61-9C26-4FB1-B294-B847F09E989D}.Release|ARM.Deploy.0 = Release|ARM
		{7DBD8B61-9C26-4FB1-B294-B847F09E989D}.Release|x64.ActiveCfg = Release|Any CPU
		{7DBD8B61-9C26-4FB1-B294-B847F09E989D}.Release|x86.ActiveCfg = Release|x86
		{7DBD8B61-9C26-4FB1-B294-B847F09E989D}.Release|x86.Build.0 = Release|x86
		{7DBD8B61-9C26-4FB1-B294-B847F09E989D}.Release|x86.Deploy.0 = Release|x86
	EndGlobalSection
	GlobalSection(SolutionProperties) = preSolution
		HideSolutionNode = FALSE
	EndGlobalSection
	GlobalSection(NestedProjects) = preSolution
		{45BA7B81-DC00-449B-ADBE-C5B815B8FD18} = {921416E1-5FA6-48C4-B384-A06CD52FB4E5}
		{19850916-7E27-4295-8504-64C5D59677EF} = {921416E1-5FA6-48C4-B384-A06CD52FB4E5}
		{7DBD8B61-9C26-4FB1-B294-B847F09E989D} = {921416E1-5FA6-48C4-B384-A06CD52FB4E5}
	EndGlobalSection
EndGlobal
