
Microsoft Visual Studio Solution File, Format Version 12.00
# Visual Studio 2012
Project("{FAE04EC0-301F-11D3-BF4B-00C04F79EFBC}") = "Beispiel1A_1B", "Beispiel1A_1B\Beispiel1A_1B.csproj", "{17FC549D-72E3-4840-BFD6-3B36120D8FBB}"
EndProject
Project("{FAE04EC0-301F-11D3-BF4B-00C04F79EFBC}") = "UnitTestProject1", "UnitTestProject1\UnitTestProject1.csproj", "{55156E8B-A574-4DBD-8FE1-BF4B8613B424}"
EndProject
Global
	GlobalSection(SolutionConfigurationPlatforms) = preSolution
		Debug|Any CPU = Debug|Any CPU
		Release|Any CPU = Release|Any CPU
	EndGlobalSection
	GlobalSection(ProjectConfigurationPlatforms) = postSolution
		{17FC549D-72E3-4840-BFD6-3B36120D8FBB}.Debug|Any CPU.ActiveCfg = Debug|Any CPU
		{17FC549D-72E3-4840-BFD6-3B36120D8FBB}.Debug|Any CPU.Build.0 = Debug|Any CPU
		{17FC549D-72E3-4840-BFD6-3B36120D8FBB}.Release|Any CPU.ActiveCfg = Release|Any CPU
		{17FC549D-72E3-4840-BFD6-3B36120D8FBB}.Release|Any CPU.Build.0 = Release|Any CPU
		{55156E8B-A574-4DBD-8FE1-BF4B8613B424}.Debug|Any CPU.ActiveCfg = Debug|Any CPU
		{55156E8B-A574-4DBD-8FE1-BF4B8613B424}.Debug|Any CPU.Build.0 = Debug|Any CPU
		{55156E8B-A574-4DBD-8FE1-BF4B8613B424}.Release|Any CPU.ActiveCfg = Release|Any CPU
		{55156E8B-A574-4DBD-8FE1-BF4B8613B424}.Release|Any CPU.Build.0 = Release|Any CPU
	EndGlobalSection
	GlobalSection(SolutionProperties) = preSolution
		HideSolutionNode = FALSE
	EndGlobalSection
EndGlobal
